
Microsoft Visual Studio Solution File, Format Version 12.00
# Visual Studio Version 16
VisualStudioVersion = 16.0.29519.87
MinimumVisualStudioVersion = 10.0.40219.1
Project("{2150E333-8FDC-42A3-9474-1A3956D46DE8}") = "2-编程环境", "2-编程环境", "{9C170724-E3BF-4CBB-93DD-C2BD5AF70CD7}"
EndProject
Project("{8BC9CEB8-8B4A-11D0-8D11-00A0C91BC942}") = "helloworld", "2\helloworld\helloworld.vcxproj", "{889EF8C6-0397-420E-B465-39968A3C5C27}"
EndProject
Project("{8BC9CEB8-8B4A-11D0-8D11-00A0C91BC942}") = "strlen", "2\strlen\strlen.vcxproj", "{73798E14-59F2-4D97-9CAE-C55AA9F35553}"
EndProject
Project("{8BC9CEB8-8B4A-11D0-8D11-00A0C91BC942}") = "usedlopen", "2\usedlopen\usedlopen.vcxproj", "{221C944C-E753-489F-9F91-DE9CC1FCC9C3}"
EndProject
Project("{8BC9CEB8-8B4A-11D0-8D11-00A0C91BC942}") = "useliba", "2\useliba\useliba.vcxproj", "{6E8BF9E3-78D6-4258-9470-24C6D93EB3F8}"
EndProject
Project("{8BC9CEB8-8B4A-11D0-8D11-00A0C91BC942}") = "uselibso", "2\uselibso\uselibso.vcxproj", "{56780144-844E-4580-9931-6953371D680F}"
EndProject
Project("{2150E333-8FDC-42A3-9474-1A3956D46DE8}") = "3-文件系统", "3-文件系统", "{8A950E4D-BB0C-44DE-BD05-1D1FBC0B120F}"
EndProject
Project("{8BC9CEB8-8B4A-11D0-8D11-00A0C91BC942}") = "readfile", "3\readfile\readfile.vcxproj", "{752C11DD-2C37-49E9-918F-C11E13C9F6AB}"
EndProject
Project("{8BC9CEB8-8B4A-11D0-8D11-00A0C91BC942}") = "writefile", "3\writefile\writefile.vcxproj", "{CE9162C0-2360-4173-9E6D-BA12A2E6F409}"
EndProject
Project("{8BC9CEB8-8B4A-11D0-8D11-00A0C91BC942}") = "infosheet", "3\infosheet\infosheet.vcxproj", "{1BE97B0F-811E-4480-98A8-13979E6A555E}"
EndProject
Project("{2150E333-8FDC-42A3-9474-1A3956D46DE8}") = "4-程序进程线程", "4-程序进程线程", "{9EDD5C39-558A-40D6-8312-9112A756BE01}"
EndProject
Project("{8BC9CEB8-8B4A-11D0-8D11-00A0C91BC942}") = "createprocess", "4\createprocess\createprocess.vcxproj", "{6F1EB536-2664-4BE5-81AC-F1E431FE8B81}"
EndProject
Project("{8BC9CEB8-8B4A-11D0-8D11-00A0C91BC942}") = "namedPipeSvr", "4\namedPipeSvr\namedPipeSvr.vcxproj", "{6436C78F-654A-4F5A-B3CF-A0FEACBB417B}"
EndProject
Project("{8BC9CEB8-8B4A-11D0-8D11-00A0C91BC942}") = "namedPipeClient", "4\namedPipeClient\namedPipeClient.vcxproj", "{CA7E5457-774D-43DF-B80A-5F0512183E9A}"
EndProject
Project("{8BC9CEB8-8B4A-11D0-8D11-00A0C91BC942}") = "msgSend", "4\msgSend\msgSend.vcxproj", "{619BC4DD-3464-45CA-960B-E709EBDAA274}"
EndProject
Project("{8BC9CEB8-8B4A-11D0-8D11-00A0C91BC942}") = "msgRcv", "4\msgRcv\msgRcv.vcxproj", "{B3573E39-8DE7-4FB5-8ECB-4566C6DC450E}"
EndProject
Global
	GlobalSection(SolutionConfigurationPlatforms) = preSolution
		Debug|ARM = Debug|ARM
		Debug|ARM64 = Debug|ARM64
		Debug|x64 = Debug|x64
		Debug|x86 = Debug|x86
		Release|ARM = Release|ARM
		Release|ARM64 = Release|ARM64
		Release|x64 = Release|x64
		Release|x86 = Release|x86
	EndGlobalSection
	GlobalSection(ProjectConfigurationPlatforms) = postSolution
		{889EF8C6-0397-420E-B465-39968A3C5C27}.Debug|ARM.ActiveCfg = Debug|ARM
		{889EF8C6-0397-420E-B465-39968A3C5C27}.Debug|ARM.Build.0 = Debug|ARM
		{889EF8C6-0397-420E-B465-39968A3C5C27}.Debug|ARM.Deploy.0 = Debug|ARM
		{889EF8C6-0397-420E-B465-39968A3C5C27}.Debug|ARM64.ActiveCfg = Debug|ARM64
		{889EF8C6-0397-420E-B465-39968A3C5C27}.Debug|ARM64.Build.0 = Debug|ARM64
		{889EF8C6-0397-420E-B465-39968A3C5C27}.Debug|ARM64.Deploy.0 = Debug|ARM64
		{889EF8C6-0397-420E-B465-39968A3C5C27}.Debug|x64.ActiveCfg = Debug|x64
		{889EF8C6-0397-420E-B465-39968A3C5C27}.Debug|x64.Build.0 = Debug|x64
		{889EF8C6-0397-420E-B465-39968A3C5C27}.Debug|x64.Deploy.0 = Debug|x64
		{889EF8C6-0397-420E-B465-39968A3C5C27}.Debug|x86.ActiveCfg = Debug|x86
		{889EF8C6-0397-420E-B465-39968A3C5C27}.Debug|x86.Build.0 = Debug|x86
		{889EF8C6-0397-420E-B465-39968A3C5C27}.Debug|x86.Deploy.0 = Debug|x86
		{889EF8C6-0397-420E-B465-39968A3C5C27}.Release|ARM.ActiveCfg = Release|ARM
		{889EF8C6-0397-420E-B465-39968A3C5C27}.Release|ARM.Build.0 = Release|ARM
		{889EF8C6-0397-420E-B465-39968A3C5C27}.Release|ARM.Deploy.0 = Release|ARM
		{889EF8C6-0397-420E-B465-39968A3C5C27}.Release|ARM64.ActiveCfg = Release|ARM64
		{889EF8C6-0397-420E-B465-39968A3C5C27}.Release|ARM64.Build.0 = Release|ARM64
		{889EF8C6-0397-420E-B465-39968A3C5C27}.Release|ARM64.Deploy.0 = Release|ARM64
		{889EF8C6-0397-420E-B465-39968A3C5C27}.Release|x64.ActiveCfg = Release|x64
		{889EF8C6-0397-420E-B465-39968A3C5C27}.Release|x64.Build.0 = Release|x64
		{889EF8C6-0397-420E-B465-39968A3C5C27}.Release|x64.Deploy.0 = Release|x64
		{889EF8C6-0397-420E-B465-39968A3C5C27}.Release|x86.ActiveCfg = Release|x86
		{889EF8C6-0397-420E-B465-39968A3C5C27}.Release|x86.Build.0 = Release|x86
		{889EF8C6-0397-420E-B465-39968A3C5C27}.Release|x86.Deploy.0 = Release|x86
		{73798E14-59F2-4D97-9CAE-C55AA9F35553}.Debug|ARM.ActiveCfg = Debug|ARM
		{73798E14-59F2-4D97-9CAE-C55AA9F35553}.Debug|ARM.Build.0 = Debug|ARM
		{73798E14-59F2-4D97-9CAE-C55AA9F35553}.Debug|ARM.Deploy.0 = Debug|ARM
		{73798E14-59F2-4D97-9CAE-C55AA9F35553}.Debug|ARM64.ActiveCfg = Debug|ARM64
		{73798E14-59F2-4D97-9CAE-C55AA9F35553}.Debug|ARM64.Build.0 = Debug|ARM64
		{73798E14-59F2-4D97-9CAE-C55AA9F35553}.Debug|ARM64.Deploy.0 = Debug|ARM64
		{73798E14-59F2-4D97-9CAE-C55AA9F35553}.Debug|x64.ActiveCfg = Debug|x64
		{73798E14-59F2-4D97-9CAE-C55AA9F35553}.Debug|x64.Build.0 = Debug|x64
		{73798E14-59F2-4D97-9CAE-C55AA9F35553}.Debug|x64.Deploy.0 = Debug|x64
		{73798E14-59F2-4D97-9CAE-C55AA9F35553}.Debug|x86.ActiveCfg = Debug|x86
		{73798E14-59F2-4D97-9CAE-C55AA9F35553}.Debug|x86.Build.0 = Debug|x86
		{73798E14-59F2-4D97-9CAE-C55AA9F35553}.Debug|x86.Deploy.0 = Debug|x86
		{73798E14-59F2-4D97-9CAE-C55AA9F35553}.Release|ARM.ActiveCfg = Release|ARM
		{73798E14-59F2-4D97-9CAE-C55AA9F35553}.Release|ARM.Build.0 = Release|ARM
		{73798E14-59F2-4D97-9CAE-C55AA9F35553}.Release|ARM.Deploy.0 = Release|ARM
		{73798E14-59F2-4D97-9CAE-C55AA9F35553}.Release|ARM64.ActiveCfg = Release|ARM64
		{73798E14-59F2-4D97-9CAE-C55AA9F35553}.Release|ARM64.Build.0 = Release|ARM64
		{73798E14-59F2-4D97-9CAE-C55AA9F35553}.Release|ARM64.Deploy.0 = Release|ARM64
		{73798E14-59F2-4D97-9CAE-C55AA9F35553}.Release|x64.ActiveCfg = Release|x64
		{73798E14-59F2-4D97-9CAE-C55AA9F35553}.Release|x64.Build.0 = Release|x64
		{73798E14-59F2-4D97-9CAE-C55AA9F35553}.Release|x64.Deploy.0 = Release|x64
		{73798E14-59F2-4D97-9CAE-C55AA9F35553}.Release|x86.ActiveCfg = Release|x86
		{73798E14-59F2-4D97-9CAE-C55AA9F35553}.Release|x86.Build.0 = Release|x86
		{73798E14-59F2-4D97-9CAE-C55AA9F35553}.Release|x86.Deploy.0 = Release|x86
		{221C944C-E753-489F-9F91-DE9CC1FCC9C3}.Debug|ARM.ActiveCfg = Debug|ARM
		{221C944C-E753-489F-9F91-DE9CC1FCC9C3}.Debug|ARM.Build.0 = Debug|ARM
		{221C944C-E753-489F-9F91-DE9CC1FCC9C3}.Debug|ARM.Deploy.0 = Debug|ARM
		{221C944C-E753-489F-9F91-DE9CC1FCC9C3}.Debug|ARM64.ActiveCfg = Debug|ARM64
		{221C944C-E753-489F-9F91-DE9CC1FCC9C3}.Debug|ARM64.Build.0 = Debug|ARM64
		{221C944C-E753-489F-9F91-DE9CC1FCC9C3}.Debug|ARM64.Deploy.0 = Debug|ARM64
		{221C944C-E753-489F-9F91-DE9CC1FCC9C3}.Debug|x64.ActiveCfg = Debug|x64
		{221C944C-E753-489F-9F91-DE9CC1FCC9C3}.Debug|x64.Build.0 = Debug|x64
		{221C944C-E753-489F-9F91-DE9CC1FCC9C3}.Debug|x64.Deploy.0 = Debug|x64
		{221C944C-E753-489F-9F91-DE9CC1FCC9C3}.Debug|x86.ActiveCfg = Debug|x86
		{221C944C-E753-489F-9F91-DE9CC1FCC9C3}.Debug|x86.Build.0 = Debug|x86
		{221C944C-E753-489F-9F91-DE9CC1FCC9C3}.Debug|x86.Deploy.0 = Debug|x86
		{221C944C-E753-489F-9F91-DE9CC1FCC9C3}.Release|ARM.ActiveCfg = Release|ARM
		{221C944C-E753-489F-9F91-DE9CC1FCC9C3}.Release|ARM.Build.0 = Release|ARM
		{221C944C-E753-489F-9F91-DE9CC1FCC9C3}.Release|ARM.Deploy.0 = Release|ARM
		{221C944C-E753-489F-9F91-DE9CC1FCC9C3}.Release|ARM64.ActiveCfg = Release|ARM64
		{221C944C-E753-489F-9F91-DE9CC1FCC9C3}.Release|ARM64.Build.0 = Release|ARM64
		{221C944C-E753-489F-9F91-DE9CC1FCC9C3}.Release|ARM64.Deploy.0 = Release|ARM64
		{221C944C-E753-489F-9F91-DE9CC1FCC9C3}.Release|x64.ActiveCfg = Release|x64
		{221C944C-E753-489F-9F91-DE9CC1FCC9C3}.Release|x64.Build.0 = Release|x64
		{221C944C-E753-489F-9F91-DE9CC1FCC9C3}.Release|x64.Deploy.0 = Release|x64
		{221C944C-E753-489F-9F91-DE9CC1FCC9C3}.Release|x86.ActiveCfg = Release|x86
		{221C944C-E753-489F-9F91-DE9CC1FCC9C3}.Release|x86.Build.0 = Release|x86
		{221C944C-E753-489F-9F91-DE9CC1FCC9C3}.Release|x86.Deploy.0 = Release|x86
		{6E8BF9E3-78D6-4258-9470-24C6D93EB3F8}.Debug|ARM.ActiveCfg = Debug|ARM
		{6E8BF9E3-78D6-4258-9470-24C6D93EB3F8}.Debug|ARM.Build.0 = Debug|ARM
		{6E8BF9E3-78D6-4258-9470-24C6D93EB3F8}.Debug|ARM.Deploy.0 = Debug|ARM
		{6E8BF9E3-78D6-4258-9470-24C6D93EB3F8}.Debug|ARM64.ActiveCfg = Debug|ARM64
		{6E8BF9E3-78D6-4258-9470-24C6D93EB3F8}.Debug|ARM64.Build.0 = Debug|ARM64
		{6E8BF9E3-78D6-4258-9470-24C6D93EB3F8}.Debug|ARM64.Deploy.0 = Debug|ARM64
		{6E8BF9E3-78D6-4258-9470-24C6D93EB3F8}.Debug|x64.ActiveCfg = Debug|x64
		{6E8BF9E3-78D6-4258-9470-24C6D93EB3F8}.Debug|x64.Build.0 = Debug|x64
		{6E8BF9E3-78D6-4258-9470-24C6D93EB3F8}.Debug|x64.Deploy.0 = Debug|x64
		{6E8BF9E3-78D6-4258-9470-24C6D93EB3F8}.Debug|x86.ActiveCfg = Debug|x86
		{6E8BF9E3-78D6-4258-9470-24C6D93EB3F8}.Debug|x86.Build.0 = Debug|x86
		{6E8BF9E3-78D6-4258-9470-24C6D93EB3F8}.Debug|x86.Deploy.0 = Debug|x86
		{6E8BF9E3-78D6-4258-9470-24C6D93EB3F8}.Release|ARM.ActiveCfg = Release|ARM
		{6E8BF9E3-78D6-4258-9470-24C6D93EB3F8}.Release|ARM.Build.0 = Release|ARM
		{6E8BF9E3-78D6-4258-9470-24C6D93EB3F8}.Release|ARM.Deploy.0 = Release|ARM
		{6E8BF9E3-78D6-4258-9470-24C6D93EB3F8}.Release|ARM64.ActiveCfg = Release|ARM64
		{6E8BF9E3-78D6-4258-9470-24C6D93EB3F8}.Release|ARM64.Build.0 = Release|ARM64
		{6E8BF9E3-78D6-4258-9470-24C6D93EB3F8}.Release|ARM64.Deploy.0 = Release|ARM64
		{6E8BF9E3-78D6-4258-9470-24C6D93EB3F8}.Release|x64.ActiveCfg = Release|x64
		{6E8BF9E3-78D6-4258-9470-24C6D93EB3F8}.Release|x64.Build.0 = Release|x64
		{6E8BF9E3-78D6-4258-9470-24C6D93EB3F8}.Release|x64.Deploy.0 = Release|x64
		{6E8BF9E3-78D6-4258-9470-24C6D93EB3F8}.Release|x86.ActiveCfg = Release|x86
		{6E8BF9E3-78D6-4258-9470-24C6D93EB3F8}.Release|x86.Build.0 = Release|x86
		{6E8BF9E3-78D6-4258-9470-24C6D93EB3F8}.Release|x86.Deploy.0 = Release|x86
		{56780144-844E-4580-9931-6953371D680F}.Debug|ARM.ActiveCfg = Debug|ARM
		{56780144-844E-4580-9931-6953371D680F}.Debug|ARM.Build.0 = Debug|ARM
		{56780144-844E-4580-9931-6953371D680F}.Debug|ARM.Deploy.0 = Debug|ARM
		{56780144-844E-4580-9931-6953371D680F}.Debug|ARM64.ActiveCfg = Debug|ARM64
		{56780144-844E-4580-9931-6953371D680F}.Debug|ARM64.Build.0 = Debug|ARM64
		{56780144-844E-4580-9931-6953371D680F}.Debug|ARM64.Deploy.0 = Debug|ARM64
		{56780144-844E-4580-9931-6953371D680F}.Debug|x64.ActiveCfg = Debug|x64
		{56780144-844E-4580-9931-6953371D680F}.Debug|x64.Build.0 = Debug|x64
		{56780144-844E-4580-9931-6953371D680F}.Debug|x64.Deploy.0 = Debug|x64
		{56780144-844E-4580-9931-6953371D680F}.Debug|x86.ActiveCfg = Debug|x86
		{56780144-844E-4580-9931-6953371D680F}.Debug|x86.Build.0 = Debug|x86
		{56780144-844E-4580-9931-6953371D680F}.Debug|x86.Deploy.0 = Debug|x86
		{56780144-844E-4580-9931-6953371D680F}.Release|ARM.ActiveCfg = Release|ARM
		{56780144-844E-4580-9931-6953371D680F}.Release|ARM.Build.0 = Release|ARM
		{56780144-844E-4580-9931-6953371D680F}.Release|ARM.Deploy.0 = Release|ARM
		{56780144-844E-4580-9931-6953371D680F}.Release|ARM64.ActiveCfg = Release|ARM64
		{56780144-844E-4580-9931-6953371D680F}.Release|ARM64.Build.0 = Release|ARM64
		{56780144-844E-4580-9931-6953371D680F}.Release|ARM64.Deploy.0 = Release|ARM64
		{56780144-844E-4580-9931-6953371D680F}.Release|x64.ActiveCfg = Release|x64
		{56780144-844E-4580-9931-6953371D680F}.Release|x64.Build.0 = Release|x64
		{56780144-844E-4580-9931-6953371D680F}.Release|x64.Deploy.0 = Release|x64
		{56780144-844E-4580-9931-6953371D680F}.Release|x86.ActiveCfg = Release|x86
		{56780144-844E-4580-9931-6953371D680F}.Release|x86.Build.0 = Release|x86
		{56780144-844E-4580-9931-6953371D680F}.Release|x86.Deploy.0 = Release|x86
		{752C11DD-2C37-49E9-918F-C11E13C9F6AB}.Debug|ARM.ActiveCfg = Debug|ARM
		{752C11DD-2C37-49E9-918F-C11E13C9F6AB}.Debug|ARM.Build.0 = Debug|ARM
		{752C11DD-2C37-49E9-918F-C11E13C9F6AB}.Debug|ARM.Deploy.0 = Debug|ARM
		{752C11DD-2C37-49E9-918F-C11E13C9F6AB}.Debug|ARM64.ActiveCfg = Debug|ARM64
		{752C11DD-2C37-49E9-918F-C11E13C9F6AB}.Debug|ARM64.Build.0 = Debug|ARM64
		{752C11DD-2C37-49E9-918F-C11E13C9F6AB}.Debug|ARM64.Deploy.0 = Debug|ARM64
		{752C11DD-2C37-49E9-918F-C11E13C9F6AB}.Debug|x64.ActiveCfg = Debug|x64
		{752C11DD-2C37-49E9-918F-C11E13C9F6AB}.Debug|x64.Build.0 = Debug|x64
		{752C11DD-2C37-49E9-918F-C11E13C9F6AB}.Debug|x64.Deploy.0 = Debug|x64
		{752C11DD-2C37-49E9-918F-C11E13C9F6AB}.Debug|x86.ActiveCfg = Debug|x86
		{752C11DD-2C37-49E9-918F-C11E13C9F6AB}.Debug|x86.Build.0 = Debug|x86
		{752C11DD-2C37-49E9-918F-C11E13C9F6AB}.Debug|x86.Deploy.0 = Debug|x86
		{752C11DD-2C37-49E9-918F-C11E13C9F6AB}.Release|ARM.ActiveCfg = Release|ARM
		{752C11DD-2C37-49E9-918F-C11E13C9F6AB}.Release|ARM.Build.0 = Release|ARM
		{752C11DD-2C37-49E9-918F-C11E13C9F6AB}.Release|ARM.Deploy.0 = Release|ARM
		{752C11DD-2C37-49E9-918F-C11E13C9F6AB}.Release|ARM64.ActiveCfg = Release|ARM64
		{752C11DD-2C37-49E9-918F-C11E13C9F6AB}.Release|ARM64.Build.0 = Release|ARM64
		{752C11DD-2C37-49E9-918F-C11E13C9F6AB}.Release|ARM64.Deploy.0 = Release|ARM64
		{752C11DD-2C37-49E9-918F-C11E13C9F6AB}.Release|x64.ActiveCfg = Release|x64
		{752C11DD-2C37-49E9-918F-C11E13C9F6AB}.Release|x64.Build.0 = Release|x64
		{752C11DD-2C37-49E9-918F-C11E13C9F6AB}.Release|x64.Deploy.0 = Release|x64
		{752C11DD-2C37-49E9-918F-C11E13C9F6AB}.Release|x86.ActiveCfg = Release|x86
		{752C11DD-2C37-49E9-918F-C11E13C9F6AB}.Release|x86.Build.0 = Release|x86
		{752C11DD-2C37-49E9-918F-C11E13C9F6AB}.Release|x86.Deploy.0 = Release|x86
		{CE9162C0-2360-4173-9E6D-BA12A2E6F409}.Debug|ARM.ActiveCfg = Debug|ARM
		{CE9162C0-2360-4173-9E6D-BA12A2E6F409}.Debug|ARM.Build.0 = Debug|ARM
		{CE9162C0-2360-4173-9E6D-BA12A2E6F409}.Debug|ARM.Deploy.0 = Debug|ARM
		{CE9162C0-2360-4173-9E6D-BA12A2E6F409}.Debug|ARM64.ActiveCfg = Debug|ARM64
		{CE9162C0-2360-4173-9E6D-BA12A2E6F409}.Debug|ARM64.Build.0 = Debug|ARM64
		{CE9162C0-2360-4173-9E6D-BA12A2E6F409}.Debug|ARM64.Deploy.0 = Debug|ARM64
		{CE9162C0-2360-4173-9E6D-BA12A2E6F409}.Debug|x64.ActiveCfg = Debug|x64
		{CE9162C0-2360-4173-9E6D-BA12A2E6F409}.Debug|x64.Build.0 = Debug|x64
		{CE9162C0-2360-4173-9E6D-BA12A2E6F409}.Debug|x64.Deploy.0 = Debug|x64
		{CE9162C0-2360-4173-9E6D-BA12A2E6F409}.Debug|x86.ActiveCfg = Debug|x86
		{CE9162C0-2360-4173-9E6D-BA12A2E6F409}.Debug|x86.Build.0 = Debug|x86
		{CE9162C0-2360-4173-9E6D-BA12A2E6F409}.Debug|x86.Deploy.0 = Debug|x86
		{CE9162C0-2360-4173-9E6D-BA12A2E6F409}.Release|ARM.ActiveCfg = Release|ARM
		{CE9162C0-2360-4173-9E6D-BA12A2E6F409}.Release|ARM.Build.0 = Release|ARM
		{CE9162C0-2360-4173-9E6D-BA12A2E6F409}.Release|ARM.Deploy.0 = Release|ARM
		{CE9162C0-2360-4173-9E6D-BA12A2E6F409}.Release|ARM64.ActiveCfg = Release|ARM64
		{CE9162C0-2360-4173-9E6D-BA12A2E6F409}.Release|ARM64.Build.0 = Release|ARM64
		{CE9162C0-2360-4173-9E6D-BA12A2E6F409}.Release|ARM64.Deploy.0 = Release|ARM64
		{CE9162C0-2360-4173-9E6D-BA12A2E6F409}.Release|x64.ActiveCfg = Release|x64
		{CE9162C0-2360-4173-9E6D-BA12A2E6F409}.Release|x64.Build.0 = Release|x64
		{CE9162C0-2360-4173-9E6D-BA12A2E6F409}.Release|x64.Deploy.0 = Release|x64
		{CE9162C0-2360-4173-9E6D-BA12A2E6F409}.Release|x86.ActiveCfg = Release|x86
		{CE9162C0-2360-4173-9E6D-BA12A2E6F409}.Release|x86.Build.0 = Release|x86
		{CE9162C0-2360-4173-9E6D-BA12A2E6F409}.Release|x86.Deploy.0 = Release|x86
		{1BE97B0F-811E-4480-98A8-13979E6A555E}.Debug|ARM.ActiveCfg = Debug|ARM
		{1BE97B0F-811E-4480-98A8-13979E6A555E}.Debug|ARM.Build.0 = Debug|ARM
		{1BE97B0F-811E-4480-98A8-13979E6A555E}.Debug|ARM.Deploy.0 = Debug|ARM
		{1BE97B0F-811E-4480-98A8-13979E6A555E}.Debug|ARM64.ActiveCfg = Debug|ARM64
		{1BE97B0F-811E-4480-98A8-13979E6A555E}.Debug|ARM64.Build.0 = Debug|ARM64
		{1BE97B0F-811E-4480-98A8-13979E6A555E}.Debug|ARM64.Deploy.0 = Debug|ARM64
		{1BE97B0F-811E-4480-98A8-13979E6A555E}.Debug|x64.ActiveCfg = Debug|x64
		{1BE97B0F-811E-4480-98A8-13979E6A555E}.Debug|x64.Build.0 = Debug|x64
		{1BE97B0F-811E-4480-98A8-13979E6A555E}.Debug|x64.Deploy.0 = Debug|x64
		{1BE97B0F-811E-4480-98A8-13979E6A555E}.Debug|x86.ActiveCfg = Debug|x86
		{1BE97B0F-811E-4480-98A8-13979E6A555E}.Debug|x86.Build.0 = Debug|x86
		{1BE97B0F-811E-4480-98A8-13979E6A555E}.Debug|x86.Deploy.0 = Debug|x86
		{1BE97B0F-811E-4480-98A8-13979E6A555E}.Release|ARM.ActiveCfg = Release|ARM
		{1BE97B0F-811E-4480-98A8-13979E6A555E}.Release|ARM.Build.0 = Release|ARM
		{1BE97B0F-811E-4480-98A8-13979E6A555E}.Release|ARM.Deploy.0 = Release|ARM
		{1BE97B0F-811E-4480-98A8-13979E6A555E}.Release|ARM64.ActiveCfg = Release|ARM64
		{1BE97B0F-811E-4480-98A8-13979E6A555E}.Release|ARM64.Build.0 = Release|ARM64
		{1BE97B0F-811E-4480-98A8-13979E6A555E}.Release|ARM64.Deploy.0 = Release|ARM64
		{1BE97B0F-811E-4480-98A8-13979E6A555E}.Release|x64.ActiveCfg = Release|x64
		{1BE97B0F-811E-4480-98A8-13979E6A555E}.Release|x64.Build.0 = Release|x64
		{1BE97B0F-811E-4480-98A8-13979E6A555E}.Release|x64.Deploy.0 = Release|x64
		{1BE97B0F-811E-4480-98A8-13979E6A555E}.Release|x86.ActiveCfg = Release|x86
		{1BE97B0F-811E-4480-98A8-13979E6A555E}.Release|x86.Build.0 = Release|x86
		{1BE97B0F-811E-4480-98A8-13979E6A555E}.Release|x86.Deploy.0 = Release|x86
		{6F1EB536-2664-4BE5-81AC-F1E431FE8B81}.Debug|ARM.ActiveCfg = Debug|ARM
		{6F1EB536-2664-4BE5-81AC-F1E431FE8B81}.Debug|ARM.Build.0 = Debug|ARM
		{6F1EB536-2664-4BE5-81AC-F1E431FE8B81}.Debug|ARM.Deploy.0 = Debug|ARM
		{6F1EB536-2664-4BE5-81AC-F1E431FE8B81}.Debug|ARM64.ActiveCfg = Debug|ARM64
		{6F1EB536-2664-4BE5-81AC-F1E431FE8B81}.Debug|ARM64.Build.0 = Debug|ARM64
		{6F1EB536-2664-4BE5-81AC-F1E431FE8B81}.Debug|ARM64.Deploy.0 = Debug|ARM64
		{6F1EB536-2664-4BE5-81AC-F1E431FE8B81}.Debug|x64.ActiveCfg = Debug|x64
		{6F1EB536-2664-4BE5-81AC-F1E431FE8B81}.Debug|x64.Build.0 = Debug|x64
		{6F1EB536-2664-4BE5-81AC-F1E431FE8B81}.Debug|x64.Deploy.0 = Debug|x64
		{6F1EB536-2664-4BE5-81AC-F1E431FE8B81}.Debug|x86.ActiveCfg = Debug|x86
		{6F1EB536-2664-4BE5-81AC-F1E431FE8B81}.Debug|x86.Build.0 = Debug|x86
		{6F1EB536-2664-4BE5-81AC-F1E431FE8B81}.Debug|x86.Deploy.0 = Debug|x86
		{6F1EB536-2664-4BE5-81AC-F1E431FE8B81}.Release|ARM.ActiveCfg = Release|ARM
		{6F1EB536-2664-4BE5-81AC-F1E431FE8B81}.Release|ARM.Build.0 = Release|ARM
		{6F1EB536-2664-4BE5-81AC-F1E431FE8B81}.Release|ARM.Deploy.0 = Release|ARM
		{6F1EB536-2664-4BE5-81AC-F1E431FE8B81}.Release|ARM64.ActiveCfg = Release|ARM64
		{6F1EB536-2664-4BE5-81AC-F1E431FE8B81}.Release|ARM64.Build.0 = Release|ARM64
		{6F1EB536-2664-4BE5-81AC-F1E431FE8B81}.Release|ARM64.Deploy.0 = Release|ARM64
		{6F1EB536-2664-4BE5-81AC-F1E431FE8B81}.Release|x64.ActiveCfg = Release|x64
		{6F1EB536-2664-4BE5-81AC-F1E431FE8B81}.Release|x64.Build.0 = Release|x64
		{6F1EB536-2664-4BE5-81AC-F1E431FE8B81}.Release|x64.Deploy.0 = Release|x64
		{6F1EB536-2664-4BE5-81AC-F1E431FE8B81}.Release|x86.ActiveCfg = Release|x86
		{6F1EB536-2664-4BE5-81AC-F1E431FE8B81}.Release|x86.Build.0 = Release|x86
		{6F1EB536-2664-4BE5-81AC-F1E431FE8B81}.Release|x86.Deploy.0 = Release|x86
		{6436C78F-654A-4F5A-B3CF-A0FEACBB417B}.Debug|ARM.ActiveCfg = Debug|ARM
		{6436C78F-654A-4F5A-B3CF-A0FEACBB417B}.Debug|ARM.Build.0 = Debug|ARM
		{6436C78F-654A-4F5A-B3CF-A0FEACBB417B}.Debug|ARM.Deploy.0 = Debug|ARM
		{6436C78F-654A-4F5A-B3CF-A0FEACBB417B}.Debug|ARM64.ActiveCfg = Debug|ARM64
		{6436C78F-654A-4F5A-B3CF-A0FEACBB417B}.Debug|ARM64.Build.0 = Debug|ARM64
		{6436C78F-654A-4F5A-B3CF-A0FEACBB417B}.Debug|ARM64.Deploy.0 = Debug|ARM64
		{6436C78F-654A-4F5A-B3CF-A0FEACBB417B}.Debug|x64.ActiveCfg = Debug|x64
		{6436C78F-654A-4F5A-B3CF-A0FEACBB417B}.Debug|x64.Build.0 = Debug|x64
		{6436C78F-654A-4F5A-B3CF-A0FEACBB417B}.Debug|x64.Deploy.0 = Debug|x64
		{6436C78F-654A-4F5A-B3CF-A0FEACBB417B}.Debug|x86.ActiveCfg = Debug|x86
		{6436C78F-654A-4F5A-B3CF-A0FEACBB417B}.Debug|x86.Build.0 = Debug|x86
		{6436C78F-654A-4F5A-B3CF-A0FEACBB417B}.Debug|x86.Deploy.0 = Debug|x86
		{6436C78F-654A-4F5A-B3CF-A0FEACBB417B}.Release|ARM.ActiveCfg = Release|ARM
		{6436C78F-654A-4F5A-B3CF-A0FEACBB417B}.Release|ARM.Build.0 = Release|ARM
		{6436C78F-654A-4F5A-B3CF-A0FEACBB417B}.Release|ARM.Deploy.0 = Release|ARM
		{6436C78F-654A-4F5A-B3CF-A0FEACBB417B}.Release|ARM64.ActiveCfg = Release|ARM64
		{6436C78F-654A-4F5A-B3CF-A0FEACBB417B}.Release|ARM64.Build.0 = Release|ARM64
		{6436C78F-654A-4F5A-B3CF-A0FEACBB417B}.Release|ARM64.Deploy.0 = Release|ARM64
		{6436C78F-654A-4F5A-B3CF-A0FEACBB417B}.Release|x64.ActiveCfg = Release|x64
		{6436C78F-654A-4F5A-B3CF-A0FEACBB417B}.Release|x64.Build.0 = Release|x64
		{6436C78F-654A-4F5A-B3CF-A0FEACBB417B}.Release|x64.Deploy.0 = Release|x64
		{6436C78F-654A-4F5A-B3CF-A0FEACBB417B}.Release|x86.ActiveCfg = Release|x86
		{6436C78F-654A-4F5A-B3CF-A0FEACBB417B}.Release|x86.Build.0 = Release|x86
		{6436C78F-654A-4F5A-B3CF-A0FEACBB417B}.Release|x86.Deploy.0 = Release|x86
		{CA7E5457-774D-43DF-B80A-5F0512183E9A}.Debug|ARM.ActiveCfg = Debug|ARM
		{CA7E5457-774D-43DF-B80A-5F0512183E9A}.Debug|ARM.Build.0 = Debug|ARM
		{CA7E5457-774D-43DF-B80A-5F0512183E9A}.Debug|ARM.Deploy.0 = Debug|ARM
		{CA7E5457-774D-43DF-B80A-5F0512183E9A}.Debug|ARM64.ActiveCfg = Debug|ARM64
		{CA7E5457-774D-43DF-B80A-5F0512183E9A}.Debug|ARM64.Build.0 = Debug|ARM64
		{CA7E5457-774D-43DF-B80A-5F0512183E9A}.Debug|ARM64.Deploy.0 = Debug|ARM64
		{CA7E5457-774D-43DF-B80A-5F0512183E9A}.Debug|x64.ActiveCfg = Debug|x64
		{CA7E5457-774D-43DF-B80A-5F0512183E9A}.Debug|x64.Build.0 = Debug|x64
		{CA7E5457-774D-43DF-B80A-5F0512183E9A}.Debug|x64.Deploy.0 = Debug|x64
		{CA7E5457-774D-43DF-B80A-5F0512183E9A}.Debug|x86.ActiveCfg = Debug|x86
		{CA7E5457-774D-43DF-B80A-5F0512183E9A}.Debug|x86.Build.0 = Debug|x86
		{CA7E5457-774D-43DF-B80A-5F0512183E9A}.Debug|x86.Deploy.0 = Debug|x86
		{CA7E5457-774D-43DF-B80A-5F0512183E9A}.Release|ARM.ActiveCfg = Release|ARM
		{CA7E5457-774D-43DF-B80A-5F0512183E9A}.Release|ARM.Build.0 = Release|ARM
		{CA7E5457-774D-43DF-B80A-5F0512183E9A}.Release|ARM.Deploy.0 = Release|ARM
		{CA7E5457-774D-43DF-B80A-5F0512183E9A}.Release|ARM64.ActiveCfg = Release|ARM64
		{CA7E5457-774D-43DF-B80A-5F0512183E9A}.Release|ARM64.Build.0 = Release|ARM64
		{CA7E5457-774D-43DF-B80A-5F0512183E9A}.Release|ARM64.Deploy.0 = Release|ARM64
		{CA7E5457-774D-43DF-B80A-5F0512183E9A}.Release|x64.ActiveCfg = Release|x64
		{CA7E5457-774D-43DF-B80A-5F0512183E9A}.Release|x64.Build.0 = Release|x64
		{CA7E5457-774D-43DF-B80A-5F0512183E9A}.Release|x64.Deploy.0 = Release|x64
		{CA7E5457-774D-43DF-B80A-5F0512183E9A}.Release|x86.ActiveCfg = Release|x86
		{CA7E5457-774D-43DF-B80A-5F0512183E9A}.Release|x86.Build.0 = Release|x86
		{CA7E5457-774D-43DF-B80A-5F0512183E9A}.Release|x86.Deploy.0 = Release|x86
		{619BC4DD-3464-45CA-960B-E709EBDAA274}.Debug|ARM.ActiveCfg = Debug|ARM
		{619BC4DD-3464-45CA-960B-E709EBDAA274}.Debug|ARM.Build.0 = Debug|ARM
		{619BC4DD-3464-45CA-960B-E709EBDAA274}.Debug|ARM.Deploy.0 = Debug|ARM
		{619BC4DD-3464-45CA-960B-E709EBDAA274}.Debug|ARM64.ActiveCfg = Debug|ARM64
		{619BC4DD-3464-45CA-960B-E709EBDAA274}.Debug|ARM64.Build.0 = Debug|ARM64
		{619BC4DD-3464-45CA-960B-E709EBDAA274}.Debug|ARM64.Deploy.0 = Debug|ARM64
		{619BC4DD-3464-45CA-960B-E709EBDAA274}.Debug|x64.ActiveCfg = Debug|x64
		{619BC4DD-3464-45CA-960B-E709EBDAA274}.Debug|x64.Build.0 = Debug|x64
		{619BC4DD-3464-45CA-960B-E709EBDAA274}.Debug|x64.Deploy.0 = Debug|x64
		{619BC4DD-3464-45CA-960B-E709EBDAA274}.Debug|x86.ActiveCfg = Debug|x86
		{619BC4DD-3464-45CA-960B-E709EBDAA274}.Debug|x86.Build.0 = Debug|x86
		{619BC4DD-3464-45CA-960B-E709EBDAA274}.Debug|x86.Deploy.0 = Debug|x86
		{619BC4DD-3464-45CA-960B-E709EBDAA274}.Release|ARM.ActiveCfg = Release|ARM
		{619BC4DD-3464-45CA-960B-E709EBDAA274}.Release|ARM.Build.0 = Release|ARM
		{619BC4DD-3464-45CA-960B-E709EBDAA274}.Release|ARM.Deploy.0 = Release|ARM
		{619BC4DD-3464-45CA-960B-E709EBDAA274}.Release|ARM64.ActiveCfg = Release|ARM64
		{619BC4DD-3464-45CA-960B-E709EBDAA274}.Release|ARM64.Build.0 = Release|ARM64
		{619BC4DD-3464-45CA-960B-E709EBDAA274}.Release|ARM64.Deploy.0 = Release|ARM64
		{619BC4DD-3464-45CA-960B-E709EBDAA274}.Release|x64.ActiveCfg = Release|x64
		{619BC4DD-3464-45CA-960B-E709EBDAA274}.Release|x64.Build.0 = Release|x64
		{619BC4DD-3464-45CA-960B-E709EBDAA274}.Release|x64.Deploy.0 = Release|x64
		{619BC4DD-3464-45CA-960B-E709EBDAA274}.Release|x86.ActiveCfg = Release|x86
		{619BC4DD-3464-45CA-960B-E709EBDAA274}.Release|x86.Build.0 = Release|x86
		{619BC4DD-3464-45CA-960B-E709EBDAA274}.Release|x86.Deploy.0 = Release|x86
		{B3573E39-8DE7-4FB5-8ECB-4566C6DC450E}.Debug|ARM.ActiveCfg = Debug|ARM
		{B3573E39-8DE7-4FB5-8ECB-4566C6DC450E}.Debug|ARM.Build.0 = Debug|ARM
		{B3573E39-8DE7-4FB5-8ECB-4566C6DC450E}.Debug|ARM.Deploy.0 = Debug|ARM
		{B3573E39-8DE7-4FB5-8ECB-4566C6DC450E}.Debug|ARM64.ActiveCfg = Debug|ARM64
		{B3573E39-8DE7-4FB5-8ECB-4566C6DC450E}.Debug|ARM64.Build.0 = Debug|ARM64
		{B3573E39-8DE7-4FB5-8ECB-4566C6DC450E}.Debug|ARM64.Deploy.0 = Debug|ARM64
		{B3573E39-8DE7-4FB5-8ECB-4566C6DC450E}.Debug|x64.ActiveCfg = Debug|x64
		{B3573E39-8DE7-4FB5-8ECB-4566C6DC450E}.Debug|x64.Build.0 = Debug|x64
		{B3573E39-8DE7-4FB5-8ECB-4566C6DC450E}.Debug|x64.Deploy.0 = Debug|x64
		{B3573E39-8DE7-4FB5-8ECB-4566C6DC450E}.Debug|x86.ActiveCfg = Debug|x86
		{B3573E39-8DE7-4FB5-8ECB-4566C6DC450E}.Debug|x86.Build.0 = Debug|x86
		{B3573E39-8DE7-4FB5-8ECB-4566C6DC450E}.Debug|x86.Deploy.0 = Debug|x86
		{B3573E39-8DE7-4FB5-8ECB-4566C6DC450E}.Release|ARM.ActiveCfg = Release|ARM
		{B3573E39-8DE7-4FB5-8ECB-4566C6DC450E}.Release|ARM.Build.0 = Release|ARM
		{B3573E39-8DE7-4FB5-8ECB-4566C6DC450E}.Release|ARM.Deploy.0 = Release|ARM
		{B3573E39-8DE7-4FB5-8ECB-4566C6DC450E}.Release|ARM64.ActiveCfg = Release|ARM64
		{B3573E39-8DE7-4FB5-8ECB-4566C6DC450E}.Release|ARM64.Build.0 = Release|ARM64
		{B3573E39-8DE7-4FB5-8ECB-4566C6DC450E}.Release|ARM64.Deploy.0 = Release|ARM64
		{B3573E39-8DE7-4FB5-8ECB-4566C6DC450E}.Release|x64.ActiveCfg = Release|x64
		{B3573E39-8DE7-4FB5-8ECB-4566C6DC450E}.Release|x64.Build.0 = Release|x64
		{B3573E39-8DE7-4FB5-8ECB-4566C6DC450E}.Release|x64.Deploy.0 = Release|x64
		{B3573E39-8DE7-4FB5-8ECB-4566C6DC450E}.Release|x86.ActiveCfg = Release|x86
		{B3573E39-8DE7-4FB5-8ECB-4566C6DC450E}.Release|x86.Build.0 = Release|x86
		{B3573E39-8DE7-4FB5-8ECB-4566C6DC450E}.Release|x86.Deploy.0 = Release|x86
	EndGlobalSection
	GlobalSection(SolutionProperties) = preSolution
		HideSolutionNode = FALSE
	EndGlobalSection
	GlobalSection(NestedProjects) = preSolution
		{889EF8C6-0397-420E-B465-39968A3C5C27} = {9C170724-E3BF-4CBB-93DD-C2BD5AF70CD7}
		{73798E14-59F2-4D97-9CAE-C55AA9F35553} = {9C170724-E3BF-4CBB-93DD-C2BD5AF70CD7}
		{221C944C-E753-489F-9F91-DE9CC1FCC9C3} = {9C170724-E3BF-4CBB-93DD-C2BD5AF70CD7}
		{6E8BF9E3-78D6-4258-9470-24C6D93EB3F8} = {9C170724-E3BF-4CBB-93DD-C2BD5AF70CD7}
		{56780144-844E-4580-9931-6953371D680F} = {9C170724-E3BF-4CBB-93DD-C2BD5AF70CD7}
		{752C11DD-2C37-49E9-918F-C11E13C9F6AB} = {8A950E4D-BB0C-44DE-BD05-1D1FBC0B120F}
		{CE9162C0-2360-4173-9E6D-BA12A2E6F409} = {8A950E4D-BB0C-44DE-BD05-1D1FBC0B120F}
		{1BE97B0F-811E-4480-98A8-13979E6A555E} = {8A950E4D-BB0C-44DE-BD05-1D1FBC0B120F}
		{6F1EB536-2664-4BE5-81AC-F1E431FE8B81} = {9EDD5C39-558A-40D6-8312-9112A756BE01}
		{6436C78F-654A-4F5A-B3CF-A0FEACBB417B} = {9EDD5C39-558A-40D6-8312-9112A756BE01}
		{CA7E5457-774D-43DF-B80A-5F0512183E9A} = {9EDD5C39-558A-40D6-8312-9112A756BE01}
		{619BC4DD-3464-45CA-960B-E709EBDAA274} = {9EDD5C39-558A-40D6-8312-9112A756BE01}
		{B3573E39-8DE7-4FB5-8ECB-4566C6DC450E} = {9EDD5C39-558A-40D6-8312-9112A756BE01}
	EndGlobalSection
	GlobalSection(ExtensibilityGlobals) = postSolution
		SolutionGuid = {59ADEB2F-8512-4A12-9C35-4207FCD94453}
	EndGlobalSection
EndGlobal
