
Microsoft Visual Studio Solution File, Format Version 12.00
# Visual Studio Version 16
VisualStudioVersion = 16.0.29519.87
MinimumVisualStudioVersion = 10.0.40219.1
Project("{2150E333-8FDC-42A3-9474-1A3956D46DE8}") = "2-编译链接", "2-编译链接", "{9C170724-E3BF-4CBB-93DD-C2BD5AF70CD7}"
EndProject
Project("{8BC9CEB8-8B4A-11D0-8D11-00A0C91BC942}") = "helloworld", "2\helloworld\helloworld.vcxproj", "{889EF8C6-0397-420E-B465-39968A3C5C27}"
EndProject
Project("{8BC9CEB8-8B4A-11D0-8D11-00A0C91BC942}") = "strlen", "2\strlen\strlen.vcxproj", "{73798E14-59F2-4D97-9CAE-C55AA9F35553}"
EndProject
Project("{8BC9CEB8-8B4A-11D0-8D11-00A0C91BC942}") = "usedlopen", "2\usedlopen\usedlopen.vcxproj", "{221C944C-E753-489F-9F91-DE9CC1FCC9C3}"
EndProject
Project("{8BC9CEB8-8B4A-11D0-8D11-00A0C91BC942}") = "useliba", "2\useliba\useliba.vcxproj", "{6E8BF9E3-78D6-4258-9470-24C6D93EB3F8}"
EndProject
Project("{8BC9CEB8-8B4A-11D0-8D11-00A0C91BC942}") = "uselibso", "2\uselibso\uselibso.vcxproj", "{56780144-844E-4580-9931-6953371D680F}"
EndProject
Project("{2150E333-8FDC-42A3-9474-1A3956D46DE8}") = "3-文件系统", "3-文件系统", "{8A950E4D-BB0C-44DE-BD05-1D1FBC0B120F}"
EndProject
Project("{8BC9CEB8-8B4A-11D0-8D11-00A0C91BC942}") = "readfile", "3\readfile\readfile.vcxproj", "{752C11DD-2C37-49E9-918F-C11E13C9F6AB}"
EndProject
Project("{8BC9CEB8-8B4A-11D0-8D11-00A0C91BC942}") = "writefile", "3\writefile\writefile.vcxproj", "{CE9162C0-2360-4173-9E6D-BA12A2E6F409}"
EndProject
Project("{8BC9CEB8-8B4A-11D0-8D11-00A0C91BC942}") = "infosheet", "3\infosheet\infosheet.vcxproj", "{1BE97B0F-811E-4480-98A8-13979E6A555E}"
EndProject
Project("{2150E333-8FDC-42A3-9474-1A3956D46DE8}") = "4-进程线程", "4-进程线程", "{9EDD5C39-558A-40D6-8312-9112A756BE01}"
EndProject
Project("{8BC9CEB8-8B4A-11D0-8D11-00A0C91BC942}") = "createprocess", "4\createprocess\createprocess.vcxproj", "{6F1EB536-2664-4BE5-81AC-F1E431FE8B81}"
EndProject
Project("{8BC9CEB8-8B4A-11D0-8D11-00A0C91BC942}") = "namedPipeSvr", "4\namedPipeSvr\namedPipeSvr.vcxproj", "{6436C78F-654A-4F5A-B3CF-A0FEACBB417B}"
EndProject
Project("{8BC9CEB8-8B4A-11D0-8D11-00A0C91BC942}") = "namedPipeClient", "4\namedPipeClient\namedPipeClient.vcxproj", "{CA7E5457-774D-43DF-B80A-5F0512183E9A}"
EndProject
Project("{8BC9CEB8-8B4A-11D0-8D11-00A0C91BC942}") = "msgSend", "4\msgSend\msgSend.vcxproj", "{619BC4DD-3464-45CA-960B-E709EBDAA274}"
EndProject
Project("{8BC9CEB8-8B4A-11D0-8D11-00A0C91BC942}") = "msgRcv", "4\msgRcv\msgRcv.vcxproj", "{B3573E39-8DE7-4FB5-8ECB-4566C6DC450E}"
EndProject
Project("{8BC9CEB8-8B4A-11D0-8D11-00A0C91BC942}") = "semDemo", "4\semDemo\semDemo.vcxproj", "{EFD45014-90F7-4CD3-BE5E-1870313C3543}"
EndProject
Project("{8BC9CEB8-8B4A-11D0-8D11-00A0C91BC942}") = "signalDemo", "4\signalDemo\signalDemo.vcxproj", "{3517F513-B576-4368-8C53-1FE2360434D4}"
EndProject
Project("{8BC9CEB8-8B4A-11D0-8D11-00A0C91BC942}") = "threadDemo", "4\threadDemo\threadDemo.vcxproj", "{D3702E0F-56FC-4038-9168-A31618B363C9}"
EndProject
Project("{8BC9CEB8-8B4A-11D0-8D11-00A0C91BC942}") = "forkDemo", "4\forkDemo\forkDemo.vcxproj", "{990D0C54-B8F7-41DD-BC44-58D019D85CD1}"
EndProject
Project("{2150E333-8FDC-42A3-9474-1A3956D46DE8}") = "7-网络编程", "7-网络编程", "{458641C7-38B0-4562-85A0-D253BF2CFA27}"
EndProject
Project("{8BC9CEB8-8B4A-11D0-8D11-00A0C91BC942}") = "pipeDemo", "4\pipeDemo\pipeDemo.vcxproj", "{FB98A217-170C-4403-8536-226D472C5504}"
EndProject
Project("{8BC9CEB8-8B4A-11D0-8D11-00A0C91BC942}") = "shmSvr", "4\shmSvr\shmSvr.vcxproj", "{4900BF92-C4DA-44B9-BCAA-E0081C4C001D}"
EndProject
Project("{8BC9CEB8-8B4A-11D0-8D11-00A0C91BC942}") = "shmClient", "4\shmClient\shmClient.vcxproj", "{665B3A52-690F-436D-9F6D-2B179079A6AD}"
EndProject
Project("{8BC9CEB8-8B4A-11D0-8D11-00A0C91BC942}") = "tcpSvr", "7\tcpSvr\tcpSvr.vcxproj", "{73774C61-7907-4545-8ED2-BCD8F041F970}"
EndProject
Project("{8BC9CEB8-8B4A-11D0-8D11-00A0C91BC942}") = "tcpClient", "7\tcpClient\tcpClient.vcxproj", "{69099EBD-E5C1-4C96-B26D-9444EC25C175}"
EndProject
Project("{8BC9CEB8-8B4A-11D0-8D11-00A0C91BC942}") = "udpSvr", "7\udpSvr\udpSvr.vcxproj", "{EC2A3B71-66CC-4AF2-BE75-E9C1D6D1A1A5}"
EndProject
Project("{8BC9CEB8-8B4A-11D0-8D11-00A0C91BC942}") = "udpClient", "7\udpClient\udpClient.vcxproj", "{93FC864D-ABD2-48A2-813D-89DE828A0A47}"
EndProject
Project("{2150E333-8FDC-42A3-9474-1A3956D46DE8}") = "9-IO复用", "9-IO复用", "{D21A7062-8F5D-4A1A-B9D7-E58567427F07}"
EndProject
Project("{8BC9CEB8-8B4A-11D0-8D11-00A0C91BC942}") = "ioMultiplexingDemo", "9\ioMultiplexingDemo\ioMultiplexingDemo.vcxproj", "{83ED74E3-2C0F-4A78-8934-B72E57BF1C61}"
EndProject
Project("{8BC9CEB8-8B4A-11D0-8D11-00A0C91BC942}") = "superSvr", "9\superSvr\superSvr.vcxproj", "{A81B2888-8D29-4530-8410-4F84D3118463}"
EndProject
Global
	GlobalSection(SolutionConfigurationPlatforms) = preSolution
		Debug|ARM = Debug|ARM
		Debug|ARM64 = Debug|ARM64
		Debug|x64 = Debug|x64
		Debug|x86 = Debug|x86
		Release|ARM = Release|ARM
		Release|ARM64 = Release|ARM64
		Release|x64 = Release|x64
		Release|x86 = Release|x86
	EndGlobalSection
	GlobalSection(ProjectConfigurationPlatforms) = postSolution
		{889EF8C6-0397-420E-B465-39968A3C5C27}.Debug|ARM.ActiveCfg = Debug|ARM
		{889EF8C6-0397-420E-B465-39968A3C5C27}.Debug|ARM.Build.0 = Debug|ARM
		{889EF8C6-0397-420E-B465-39968A3C5C27}.Debug|ARM.Deploy.0 = Debug|ARM
		{889EF8C6-0397-420E-B465-39968A3C5C27}.Debug|ARM64.ActiveCfg = Debug|ARM64
		{889EF8C6-0397-420E-B465-39968A3C5C27}.Debug|ARM64.Build.0 = Debug|ARM64
		{889EF8C6-0397-420E-B465-39968A3C5C27}.Debug|ARM64.Deploy.0 = Debug|ARM64
		{889EF8C6-0397-420E-B465-39968A3C5C27}.Debug|x64.ActiveCfg = Debug|x64
		{889EF8C6-0397-420E-B465-39968A3C5C27}.Debug|x64.Build.0 = Debug|x64
		{889EF8C6-0397-420E-B465-39968A3C5C27}.Debug|x64.Deploy.0 = Debug|x64
		{889EF8C6-0397-420E-B465-39968A3C5C27}.Debug|x86.ActiveCfg = Debug|x86
		{889EF8C6-0397-420E-B465-39968A3C5C27}.Debug|x86.Build.0 = Debug|x86
		{889EF8C6-0397-420E-B465-39968A3C5C27}.Debug|x86.Deploy.0 = Debug|x86
		{889EF8C6-0397-420E-B465-39968A3C5C27}.Release|ARM.ActiveCfg = Release|ARM
		{889EF8C6-0397-420E-B465-39968A3C5C27}.Release|ARM.Build.0 = Release|ARM
		{889EF8C6-0397-420E-B465-39968A3C5C27}.Release|ARM.Deploy.0 = Release|ARM
		{889EF8C6-0397-420E-B465-39968A3C5C27}.Release|ARM64.ActiveCfg = Release|ARM64
		{889EF8C6-0397-420E-B465-39968A3C5C27}.Release|ARM64.Build.0 = Release|ARM64
		{889EF8C6-0397-420E-B465-39968A3C5C27}.Release|ARM64.Deploy.0 = Release|ARM64
		{889EF8C6-0397-420E-B465-39968A3C5C27}.Release|x64.ActiveCfg = Release|x64
		{889EF8C6-0397-420E-B465-39968A3C5C27}.Release|x64.Build.0 = Release|x64
		{889EF8C6-0397-420E-B465-39968A3C5C27}.Release|x64.Deploy.0 = Release|x64
		{889EF8C6-0397-420E-B465-39968A3C5C27}.Release|x86.ActiveCfg = Release|x86
		{889EF8C6-0397-420E-B465-39968A3C5C27}.Release|x86.Build.0 = Release|x86
		{889EF8C6-0397-420E-B465-39968A3C5C27}.Release|x86.Deploy.0 = Release|x86
		{73798E14-59F2-4D97-9CAE-C55AA9F35553}.Debug|ARM.ActiveCfg = Debug|ARM
		{73798E14-59F2-4D97-9CAE-C55AA9F35553}.Debug|ARM.Build.0 = Debug|ARM
		{73798E14-59F2-4D97-9CAE-C55AA9F35553}.Debug|ARM.Deploy.0 = Debug|ARM
		{73798E14-59F2-4D97-9CAE-C55AA9F35553}.Debug|ARM64.ActiveCfg = Debug|ARM64
		{73798E14-59F2-4D97-9CAE-C55AA9F35553}.Debug|ARM64.Build.0 = Debug|ARM64
		{73798E14-59F2-4D97-9CAE-C55AA9F35553}.Debug|ARM64.Deploy.0 = Debug|ARM64
		{73798E14-59F2-4D97-9CAE-C55AA9F35553}.Debug|x64.ActiveCfg = Debug|x64
		{73798E14-59F2-4D97-9CAE-C55AA9F35553}.Debug|x64.Build.0 = Debug|x64
		{73798E14-59F2-4D97-9CAE-C55AA9F35553}.Debug|x64.Deploy.0 = Debug|x64
		{73798E14-59F2-4D97-9CAE-C55AA9F35553}.Debug|x86.ActiveCfg = Debug|x86
		{73798E14-59F2-4D97-9CAE-C55AA9F35553}.Debug|x86.Build.0 = Debug|x86
		{73798E14-59F2-4D97-9CAE-C55AA9F35553}.Debug|x86.Deploy.0 = Debug|x86
		{73798E14-59F2-4D97-9CAE-C55AA9F35553}.Release|ARM.ActiveCfg = Release|ARM
		{73798E14-59F2-4D97-9CAE-C55AA9F35553}.Release|ARM.Build.0 = Release|ARM
		{73798E14-59F2-4D97-9CAE-C55AA9F35553}.Release|ARM.Deploy.0 = Release|ARM
		{73798E14-59F2-4D97-9CAE-C55AA9F35553}.Release|ARM64.ActiveCfg = Release|ARM64
		{73798E14-59F2-4D97-9CAE-C55AA9F35553}.Release|ARM64.Build.0 = Release|ARM64
		{73798E14-59F2-4D97-9CAE-C55AA9F35553}.Release|ARM64.Deploy.0 = Release|ARM64
		{73798E14-59F2-4D97-9CAE-C55AA9F35553}.Release|x64.ActiveCfg = Release|x64
		{73798E14-59F2-4D97-9CAE-C55AA9F35553}.Release|x64.Build.0 = Release|x64
		{73798E14-59F2-4D97-9CAE-C55AA9F35553}.Release|x64.Deploy.0 = Release|x64
		{73798E14-59F2-4D97-9CAE-C55AA9F35553}.Release|x86.ActiveCfg = Release|x86
		{73798E14-59F2-4D97-9CAE-C55AA9F35553}.Release|x86.Build.0 = Release|x86
		{73798E14-59F2-4D97-9CAE-C55AA9F35553}.Release|x86.Deploy.0 = Release|x86
		{221C944C-E753-489F-9F91-DE9CC1FCC9C3}.Debug|ARM.ActiveCfg = Debug|ARM
		{221C944C-E753-489F-9F91-DE9CC1FCC9C3}.Debug|ARM.Build.0 = Debug|ARM
		{221C944C-E753-489F-9F91-DE9CC1FCC9C3}.Debug|ARM.Deploy.0 = Debug|ARM
		{221C944C-E753-489F-9F91-DE9CC1FCC9C3}.Debug|ARM64.ActiveCfg = Debug|ARM64
		{221C944C-E753-489F-9F91-DE9CC1FCC9C3}.Debug|ARM64.Build.0 = Debug|ARM64
		{221C944C-E753-489F-9F91-DE9CC1FCC9C3}.Debug|ARM64.Deploy.0 = Debug|ARM64
		{221C944C-E753-489F-9F91-DE9CC1FCC9C3}.Debug|x64.ActiveCfg = Debug|x64
		{221C944C-E753-489F-9F91-DE9CC1FCC9C3}.Debug|x64.Build.0 = Debug|x64
		{221C944C-E753-489F-9F91-DE9CC1FCC9C3}.Debug|x64.Deploy.0 = Debug|x64
		{221C944C-E753-489F-9F91-DE9CC1FCC9C3}.Debug|x86.ActiveCfg = Debug|x86
		{221C944C-E753-489F-9F91-DE9CC1FCC9C3}.Debug|x86.Build.0 = Debug|x86
		{221C944C-E753-489F-9F91-DE9CC1FCC9C3}.Debug|x86.Deploy.0 = Debug|x86
		{221C944C-E753-489F-9F91-DE9CC1FCC9C3}.Release|ARM.ActiveCfg = Release|ARM
		{221C944C-E753-489F-9F91-DE9CC1FCC9C3}.Release|ARM.Build.0 = Release|ARM
		{221C944C-E753-489F-9F91-DE9CC1FCC9C3}.Release|ARM.Deploy.0 = Release|ARM
		{221C944C-E753-489F-9F91-DE9CC1FCC9C3}.Release|ARM64.ActiveCfg = Release|ARM64
		{221C944C-E753-489F-9F91-DE9CC1FCC9C3}.Release|ARM64.Build.0 = Release|ARM64
		{221C944C-E753-489F-9F91-DE9CC1FCC9C3}.Release|ARM64.Deploy.0 = Release|ARM64
		{221C944C-E753-489F-9F91-DE9CC1FCC9C3}.Release|x64.ActiveCfg = Release|x64
		{221C944C-E753-489F-9F91-DE9CC1FCC9C3}.Release|x64.Build.0 = Release|x64
		{221C944C-E753-489F-9F91-DE9CC1FCC9C3}.Release|x64.Deploy.0 = Release|x64
		{221C944C-E753-489F-9F91-DE9CC1FCC9C3}.Release|x86.ActiveCfg = Release|x86
		{221C944C-E753-489F-9F91-DE9CC1FCC9C3}.Release|x86.Build.0 = Release|x86
		{221C944C-E753-489F-9F91-DE9CC1FCC9C3}.Release|x86.Deploy.0 = Release|x86
		{6E8BF9E3-78D6-4258-9470-24C6D93EB3F8}.Debug|ARM.ActiveCfg = Debug|ARM
		{6E8BF9E3-78D6-4258-9470-24C6D93EB3F8}.Debug|ARM.Build.0 = Debug|ARM
		{6E8BF9E3-78D6-4258-9470-24C6D93EB3F8}.Debug|ARM.Deploy.0 = Debug|ARM
		{6E8BF9E3-78D6-4258-9470-24C6D93EB3F8}.Debug|ARM64.ActiveCfg = Debug|ARM64
		{6E8BF9E3-78D6-4258-9470-24C6D93EB3F8}.Debug|ARM64.Build.0 = Debug|ARM64
		{6E8BF9E3-78D6-4258-9470-24C6D93EB3F8}.Debug|ARM64.Deploy.0 = Debug|ARM64
		{6E8BF9E3-78D6-4258-9470-24C6D93EB3F8}.Debug|x64.ActiveCfg = Debug|x64
		{6E8BF9E3-78D6-4258-9470-24C6D93EB3F8}.Debug|x64.Build.0 = Debug|x64
		{6E8BF9E3-78D6-4258-9470-24C6D93EB3F8}.Debug|x64.Deploy.0 = Debug|x64
		{6E8BF9E3-78D6-4258-9470-24C6D93EB3F8}.Debug|x86.ActiveCfg = Debug|x86
		{6E8BF9E3-78D6-4258-9470-24C6D93EB3F8}.Debug|x86.Build.0 = Debug|x86
		{6E8BF9E3-78D6-4258-9470-24C6D93EB3F8}.Debug|x86.Deploy.0 = Debug|x86
		{6E8BF9E3-78D6-4258-9470-24C6D93EB3F8}.Release|ARM.ActiveCfg = Release|ARM
		{6E8BF9E3-78D6-4258-9470-24C6D93EB3F8}.Release|ARM.Build.0 = Release|ARM
		{6E8BF9E3-78D6-4258-9470-24C6D93EB3F8}.Release|ARM.Deploy.0 = Release|ARM
		{6E8BF9E3-78D6-4258-9470-24C6D93EB3F8}.Release|ARM64.ActiveCfg = Release|ARM64
		{6E8BF9E3-78D6-4258-9470-24C6D93EB3F8}.Release|ARM64.Build.0 = Release|ARM64
		{6E8BF9E3-78D6-4258-9470-24C6D93EB3F8}.Release|ARM64.Deploy.0 = Release|ARM64
		{6E8BF9E3-78D6-4258-9470-24C6D93EB3F8}.Release|x64.ActiveCfg = Release|x64
		{6E8BF9E3-78D6-4258-9470-24C6D93EB3F8}.Release|x64.Build.0 = Release|x64
		{6E8BF9E3-78D6-4258-9470-24C6D93EB3F8}.Release|x64.Deploy.0 = Release|x64
		{6E8BF9E3-78D6-4258-9470-24C6D93EB3F8}.Release|x86.ActiveCfg = Release|x86
		{6E8BF9E3-78D6-4258-9470-24C6D93EB3F8}.Release|x86.Build.0 = Release|x86
		{6E8BF9E3-78D6-4258-9470-24C6D93EB3F8}.Release|x86.Deploy.0 = Release|x86
		{56780144-844E-4580-9931-6953371D680F}.Debug|ARM.ActiveCfg = Debug|ARM
		{56780144-844E-4580-9931-6953371D680F}.Debug|ARM.Build.0 = Debug|ARM
		{56780144-844E-4580-9931-6953371D680F}.Debug|ARM.Deploy.0 = Debug|ARM
		{56780144-844E-4580-9931-6953371D680F}.Debug|ARM64.ActiveCfg = Debug|ARM64
		{56780144-844E-4580-9931-6953371D680F}.Debug|ARM64.Build.0 = Debug|ARM64
		{56780144-844E-4580-9931-6953371D680F}.Debug|ARM64.Deploy.0 = Debug|ARM64
		{56780144-844E-4580-9931-6953371D680F}.Debug|x64.ActiveCfg = Debug|x64
		{56780144-844E-4580-9931-6953371D680F}.Debug|x64.Build.0 = Debug|x64
		{56780144-844E-4580-9931-6953371D680F}.Debug|x64.Deploy.0 = Debug|x64
		{56780144-844E-4580-9931-6953371D680F}.Debug|x86.ActiveCfg = Debug|x86
		{56780144-844E-4580-9931-6953371D680F}.Debug|x86.Build.0 = Debug|x86
		{56780144-844E-4580-9931-6953371D680F}.Debug|x86.Deploy.0 = Debug|x86
		{56780144-844E-4580-9931-6953371D680F}.Release|ARM.ActiveCfg = Release|ARM
		{56780144-844E-4580-9931-6953371D680F}.Release|ARM.Build.0 = Release|ARM
		{56780144-844E-4580-9931-6953371D680F}.Release|ARM.Deploy.0 = Release|ARM
		{56780144-844E-4580-9931-6953371D680F}.Release|ARM64.ActiveCfg = Release|ARM64
		{56780144-844E-4580-9931-6953371D680F}.Release|ARM64.Build.0 = Release|ARM64
		{56780144-844E-4580-9931-6953371D680F}.Release|ARM64.Deploy.0 = Release|ARM64
		{56780144-844E-4580-9931-6953371D680F}.Release|x64.ActiveCfg = Release|x64
		{56780144-844E-4580-9931-6953371D680F}.Release|x64.Build.0 = Release|x64
		{56780144-844E-4580-9931-6953371D680F}.Release|x64.Deploy.0 = Release|x64
		{56780144-844E-4580-9931-6953371D680F}.Release|x86.ActiveCfg = Release|x86
		{56780144-844E-4580-9931-6953371D680F}.Release|x86.Build.0 = Release|x86
		{56780144-844E-4580-9931-6953371D680F}.Release|x86.Deploy.0 = Release|x86
		{752C11DD-2C37-49E9-918F-C11E13C9F6AB}.Debug|ARM.ActiveCfg = Debug|ARM
		{752C11DD-2C37-49E9-918F-C11E13C9F6AB}.Debug|ARM.Build.0 = Debug|ARM
		{752C11DD-2C37-49E9-918F-C11E13C9F6AB}.Debug|ARM.Deploy.0 = Debug|ARM
		{752C11DD-2C37-49E9-918F-C11E13C9F6AB}.Debug|ARM64.ActiveCfg = Debug|ARM64
		{752C11DD-2C37-49E9-918F-C11E13C9F6AB}.Debug|ARM64.Build.0 = Debug|ARM64
		{752C11DD-2C37-49E9-918F-C11E13C9F6AB}.Debug|ARM64.Deploy.0 = Debug|ARM64
		{752C11DD-2C37-49E9-918F-C11E13C9F6AB}.Debug|x64.ActiveCfg = Debug|x64
		{752C11DD-2C37-49E9-918F-C11E13C9F6AB}.Debug|x64.Build.0 = Debug|x64
		{752C11DD-2C37-49E9-918F-C11E13C9F6AB}.Debug|x64.Deploy.0 = Debug|x64
		{752C11DD-2C37-49E9-918F-C11E13C9F6AB}.Debug|x86.ActiveCfg = Debug|x86
		{752C11DD-2C37-49E9-918F-C11E13C9F6AB}.Debug|x86.Build.0 = Debug|x86
		{752C11DD-2C37-49E9-918F-C11E13C9F6AB}.Debug|x86.Deploy.0 = Debug|x86
		{752C11DD-2C37-49E9-918F-C11E13C9F6AB}.Release|ARM.ActiveCfg = Release|ARM
		{752C11DD-2C37-49E9-918F-C11E13C9F6AB}.Release|ARM.Build.0 = Release|ARM
		{752C11DD-2C37-49E9-918F-C11E13C9F6AB}.Release|ARM.Deploy.0 = Release|ARM
		{752C11DD-2C37-49E9-918F-C11E13C9F6AB}.Release|ARM64.ActiveCfg = Release|ARM64
		{752C11DD-2C37-49E9-918F-C11E13C9F6AB}.Release|ARM64.Build.0 = Release|ARM64
		{752C11DD-2C37-49E9-918F-C11E13C9F6AB}.Release|ARM64.Deploy.0 = Release|ARM64
		{752C11DD-2C37-49E9-918F-C11E13C9F6AB}.Release|x64.ActiveCfg = Release|x64
		{752C11DD-2C37-49E9-918F-C11E13C9F6AB}.Release|x64.Build.0 = Release|x64
		{752C11DD-2C37-49E9-918F-C11E13C9F6AB}.Release|x64.Deploy.0 = Release|x64
		{752C11DD-2C37-49E9-918F-C11E13C9F6AB}.Release|x86.ActiveCfg = Release|x86
		{752C11DD-2C37-49E9-918F-C11E13C9F6AB}.Release|x86.Build.0 = Release|x86
		{752C11DD-2C37-49E9-918F-C11E13C9F6AB}.Release|x86.Deploy.0 = Release|x86
		{CE9162C0-2360-4173-9E6D-BA12A2E6F409}.Debug|ARM.ActiveCfg = Debug|ARM
		{CE9162C0-2360-4173-9E6D-BA12A2E6F409}.Debug|ARM.Build.0 = Debug|ARM
		{CE9162C0-2360-4173-9E6D-BA12A2E6F409}.Debug|ARM.Deploy.0 = Debug|ARM
		{CE9162C0-2360-4173-9E6D-BA12A2E6F409}.Debug|ARM64.ActiveCfg = Debug|ARM64
		{CE9162C0-2360-4173-9E6D-BA12A2E6F409}.Debug|ARM64.Build.0 = Debug|ARM64
		{CE9162C0-2360-4173-9E6D-BA12A2E6F409}.Debug|ARM64.Deploy.0 = Debug|ARM64
		{CE9162C0-2360-4173-9E6D-BA12A2E6F409}.Debug|x64.ActiveCfg = Debug|x64
		{CE9162C0-2360-4173-9E6D-BA12A2E6F409}.Debug|x64.Build.0 = Debug|x64
		{CE9162C0-2360-4173-9E6D-BA12A2E6F409}.Debug|x64.Deploy.0 = Debug|x64
		{CE9162C0-2360-4173-9E6D-BA12A2E6F409}.Debug|x86.ActiveCfg = Debug|x86
		{CE9162C0-2360-4173-9E6D-BA12A2E6F409}.Debug|x86.Build.0 = Debug|x86
		{CE9162C0-2360-4173-9E6D-BA12A2E6F409}.Debug|x86.Deploy.0 = Debug|x86
		{CE9162C0-2360-4173-9E6D-BA12A2E6F409}.Release|ARM.ActiveCfg = Release|ARM
		{CE9162C0-2360-4173-9E6D-BA12A2E6F409}.Release|ARM.Build.0 = Release|ARM
		{CE9162C0-2360-4173-9E6D-BA12A2E6F409}.Release|ARM.Deploy.0 = Release|ARM
		{CE9162C0-2360-4173-9E6D-BA12A2E6F409}.Release|ARM64.ActiveCfg = Release|ARM64
		{CE9162C0-2360-4173-9E6D-BA12A2E6F409}.Release|ARM64.Build.0 = Release|ARM64
		{CE9162C0-2360-4173-9E6D-BA12A2E6F409}.Release|ARM64.Deploy.0 = Release|ARM64
		{CE9162C0-2360-4173-9E6D-BA12A2E6F409}.Release|x64.ActiveCfg = Release|x64
		{CE9162C0-2360-4173-9E6D-BA12A2E6F409}.Release|x64.Build.0 = Release|x64
		{CE9162C0-2360-4173-9E6D-BA12A2E6F409}.Release|x64.Deploy.0 = Release|x64
		{CE9162C0-2360-4173-9E6D-BA12A2E6F409}.Release|x86.ActiveCfg = Release|x86
		{CE9162C0-2360-4173-9E6D-BA12A2E6F409}.Release|x86.Build.0 = Release|x86
		{CE9162C0-2360-4173-9E6D-BA12A2E6F409}.Release|x86.Deploy.0 = Release|x86
		{1BE97B0F-811E-4480-98A8-13979E6A555E}.Debug|ARM.ActiveCfg = Debug|ARM
		{1BE97B0F-811E-4480-98A8-13979E6A555E}.Debug|ARM.Build.0 = Debug|ARM
		{1BE97B0F-811E-4480-98A8-13979E6A555E}.Debug|ARM.Deploy.0 = Debug|ARM
		{1BE97B0F-811E-4480-98A8-13979E6A555E}.Debug|ARM64.ActiveCfg = Debug|ARM64
		{1BE97B0F-811E-4480-98A8-13979E6A555E}.Debug|ARM64.Build.0 = Debug|ARM64
		{1BE97B0F-811E-4480-98A8-13979E6A555E}.Debug|ARM64.Deploy.0 = Debug|ARM64
		{1BE97B0F-811E-4480-98A8-13979E6A555E}.Debug|x64.ActiveCfg = Debug|x64
		{1BE97B0F-811E-4480-98A8-13979E6A555E}.Debug|x64.Build.0 = Debug|x64
		{1BE97B0F-811E-4480-98A8-13979E6A555E}.Debug|x64.Deploy.0 = Debug|x64
		{1BE97B0F-811E-4480-98A8-13979E6A555E}.Debug|x86.ActiveCfg = Debug|x86
		{1BE97B0F-811E-4480-98A8-13979E6A555E}.Debug|x86.Build.0 = Debug|x86
		{1BE97B0F-811E-4480-98A8-13979E6A555E}.Debug|x86.Deploy.0 = Debug|x86
		{1BE97B0F-811E-4480-98A8-13979E6A555E}.Release|ARM.ActiveCfg = Release|ARM
		{1BE97B0F-811E-4480-98A8-13979E6A555E}.Release|ARM.Build.0 = Release|ARM
		{1BE97B0F-811E-4480-98A8-13979E6A555E}.Release|ARM.Deploy.0 = Release|ARM
		{1BE97B0F-811E-4480-98A8-13979E6A555E}.Release|ARM64.ActiveCfg = Release|ARM64
		{1BE97B0F-811E-4480-98A8-13979E6A555E}.Release|ARM64.Build.0 = Release|ARM64
		{1BE97B0F-811E-4480-98A8-13979E6A555E}.Release|ARM64.Deploy.0 = Release|ARM64
		{1BE97B0F-811E-4480-98A8-13979E6A555E}.Release|x64.ActiveCfg = Release|x64
		{1BE97B0F-811E-4480-98A8-13979E6A555E}.Release|x64.Build.0 = Release|x64
		{1BE97B0F-811E-4480-98A8-13979E6A555E}.Release|x64.Deploy.0 = Release|x64
		{1BE97B0F-811E-4480-98A8-13979E6A555E}.Release|x86.ActiveCfg = Release|x86
		{1BE97B0F-811E-4480-98A8-13979E6A555E}.Release|x86.Build.0 = Release|x86
		{1BE97B0F-811E-4480-98A8-13979E6A555E}.Release|x86.Deploy.0 = Release|x86
		{6F1EB536-2664-4BE5-81AC-F1E431FE8B81}.Debug|ARM.ActiveCfg = Debug|ARM
		{6F1EB536-2664-4BE5-81AC-F1E431FE8B81}.Debug|ARM.Build.0 = Debug|ARM
		{6F1EB536-2664-4BE5-81AC-F1E431FE8B81}.Debug|ARM.Deploy.0 = Debug|ARM
		{6F1EB536-2664-4BE5-81AC-F1E431FE8B81}.Debug|ARM64.ActiveCfg = Debug|ARM64
		{6F1EB536-2664-4BE5-81AC-F1E431FE8B81}.Debug|ARM64.Build.0 = Debug|ARM64
		{6F1EB536-2664-4BE5-81AC-F1E431FE8B81}.Debug|ARM64.Deploy.0 = Debug|ARM64
		{6F1EB536-2664-4BE5-81AC-F1E431FE8B81}.Debug|x64.ActiveCfg = Debug|x64
		{6F1EB536-2664-4BE5-81AC-F1E431FE8B81}.Debug|x64.Build.0 = Debug|x64
		{6F1EB536-2664-4BE5-81AC-F1E431FE8B81}.Debug|x64.Deploy.0 = Debug|x64
		{6F1EB536-2664-4BE5-81AC-F1E431FE8B81}.Debug|x86.ActiveCfg = Debug|x86
		{6F1EB536-2664-4BE5-81AC-F1E431FE8B81}.Debug|x86.Build.0 = Debug|x86
		{6F1EB536-2664-4BE5-81AC-F1E431FE8B81}.Debug|x86.Deploy.0 = Debug|x86
		{6F1EB536-2664-4BE5-81AC-F1E431FE8B81}.Release|ARM.ActiveCfg = Release|ARM
		{6F1EB536-2664-4BE5-81AC-F1E431FE8B81}.Release|ARM.Build.0 = Release|ARM
		{6F1EB536-2664-4BE5-81AC-F1E431FE8B81}.Release|ARM.Deploy.0 = Release|ARM
		{6F1EB536-2664-4BE5-81AC-F1E431FE8B81}.Release|ARM64.ActiveCfg = Release|ARM64
		{6F1EB536-2664-4BE5-81AC-F1E431FE8B81}.Release|ARM64.Build.0 = Release|ARM64
		{6F1EB536-2664-4BE5-81AC-F1E431FE8B81}.Release|ARM64.Deploy.0 = Release|ARM64
		{6F1EB536-2664-4BE5-81AC-F1E431FE8B81}.Release|x64.ActiveCfg = Release|x64
		{6F1EB536-2664-4BE5-81AC-F1E431FE8B81}.Release|x64.Build.0 = Release|x64
		{6F1EB536-2664-4BE5-81AC-F1E431FE8B81}.Release|x64.Deploy.0 = Release|x64
		{6F1EB536-2664-4BE5-81AC-F1E431FE8B81}.Release|x86.ActiveCfg = Release|x86
		{6F1EB536-2664-4BE5-81AC-F1E431FE8B81}.Release|x86.Build.0 = Release|x86
		{6F1EB536-2664-4BE5-81AC-F1E431FE8B81}.Release|x86.Deploy.0 = Release|x86
		{6436C78F-654A-4F5A-B3CF-A0FEACBB417B}.Debug|ARM.ActiveCfg = Debug|ARM
		{6436C78F-654A-4F5A-B3CF-A0FEACBB417B}.Debug|ARM.Build.0 = Debug|ARM
		{6436C78F-654A-4F5A-B3CF-A0FEACBB417B}.Debug|ARM.Deploy.0 = Debug|ARM
		{6436C78F-654A-4F5A-B3CF-A0FEACBB417B}.Debug|ARM64.ActiveCfg = Debug|ARM64
		{6436C78F-654A-4F5A-B3CF-A0FEACBB417B}.Debug|ARM64.Build.0 = Debug|ARM64
		{6436C78F-654A-4F5A-B3CF-A0FEACBB417B}.Debug|ARM64.Deploy.0 = Debug|ARM64
		{6436C78F-654A-4F5A-B3CF-A0FEACBB417B}.Debug|x64.ActiveCfg = Debug|x64
		{6436C78F-654A-4F5A-B3CF-A0FEACBB417B}.Debug|x64.Build.0 = Debug|x64
		{6436C78F-654A-4F5A-B3CF-A0FEACBB417B}.Debug|x64.Deploy.0 = Debug|x64
		{6436C78F-654A-4F5A-B3CF-A0FEACBB417B}.Debug|x86.ActiveCfg = Debug|x86
		{6436C78F-654A-4F5A-B3CF-A0FEACBB417B}.Debug|x86.Build.0 = Debug|x86
		{6436C78F-654A-4F5A-B3CF-A0FEACBB417B}.Debug|x86.Deploy.0 = Debug|x86
		{6436C78F-654A-4F5A-B3CF-A0FEACBB417B}.Release|ARM.ActiveCfg = Release|ARM
		{6436C78F-654A-4F5A-B3CF-A0FEACBB417B}.Release|ARM.Build.0 = Release|ARM
		{6436C78F-654A-4F5A-B3CF-A0FEACBB417B}.Release|ARM.Deploy.0 = Release|ARM
		{6436C78F-654A-4F5A-B3CF-A0FEACBB417B}.Release|ARM64.ActiveCfg = Release|ARM64
		{6436C78F-654A-4F5A-B3CF-A0FEACBB417B}.Release|ARM64.Build.0 = Release|ARM64
		{6436C78F-654A-4F5A-B3CF-A0FEACBB417B}.Release|ARM64.Deploy.0 = Release|ARM64
		{6436C78F-654A-4F5A-B3CF-A0FEACBB417B}.Release|x64.ActiveCfg = Release|x64
		{6436C78F-654A-4F5A-B3CF-A0FEACBB417B}.Release|x64.Build.0 = Release|x64
		{6436C78F-654A-4F5A-B3CF-A0FEACBB417B}.Release|x64.Deploy.0 = Release|x64
		{6436C78F-654A-4F5A-B3CF-A0FEACBB417B}.Release|x86.ActiveCfg = Release|x86
		{6436C78F-654A-4F5A-B3CF-A0FEACBB417B}.Release|x86.Build.0 = Release|x86
		{6436C78F-654A-4F5A-B3CF-A0FEACBB417B}.Release|x86.Deploy.0 = Release|x86
		{CA7E5457-774D-43DF-B80A-5F0512183E9A}.Debug|ARM.ActiveCfg = Debug|ARM
		{CA7E5457-774D-43DF-B80A-5F0512183E9A}.Debug|ARM.Build.0 = Debug|ARM
		{CA7E5457-774D-43DF-B80A-5F0512183E9A}.Debug|ARM.Deploy.0 = Debug|ARM
		{CA7E5457-774D-43DF-B80A-5F0512183E9A}.Debug|ARM64.ActiveCfg = Debug|ARM64
		{CA7E5457-774D-43DF-B80A-5F0512183E9A}.Debug|ARM64.Build.0 = Debug|ARM64
		{CA7E5457-774D-43DF-B80A-5F0512183E9A}.Debug|ARM64.Deploy.0 = Debug|ARM64
		{CA7E5457-774D-43DF-B80A-5F0512183E9A}.Debug|x64.ActiveCfg = Debug|x64
		{CA7E5457-774D-43DF-B80A-5F0512183E9A}.Debug|x64.Build.0 = Debug|x64
		{CA7E5457-774D-43DF-B80A-5F0512183E9A}.Debug|x64.Deploy.0 = Debug|x64
		{CA7E5457-774D-43DF-B80A-5F0512183E9A}.Debug|x86.ActiveCfg = Debug|x86
		{CA7E5457-774D-43DF-B80A-5F0512183E9A}.Debug|x86.Build.0 = Debug|x86
		{CA7E5457-774D-43DF-B80A-5F0512183E9A}.Debug|x86.Deploy.0 = Debug|x86
		{CA7E5457-774D-43DF-B80A-5F0512183E9A}.Release|ARM.ActiveCfg = Release|ARM
		{CA7E5457-774D-43DF-B80A-5F0512183E9A}.Release|ARM.Build.0 = Release|ARM
		{CA7E5457-774D-43DF-B80A-5F0512183E9A}.Release|ARM.Deploy.0 = Release|ARM
		{CA7E5457-774D-43DF-B80A-5F0512183E9A}.Release|ARM64.ActiveCfg = Release|ARM64
		{CA7E5457-774D-43DF-B80A-5F0512183E9A}.Release|ARM64.Build.0 = Release|ARM64
		{CA7E5457-774D-43DF-B80A-5F0512183E9A}.Release|ARM64.Deploy.0 = Release|ARM64
		{CA7E5457-774D-43DF-B80A-5F0512183E9A}.Release|x64.ActiveCfg = Release|x64
		{CA7E5457-774D-43DF-B80A-5F0512183E9A}.Release|x64.Build.0 = Release|x64
		{CA7E5457-774D-43DF-B80A-5F0512183E9A}.Release|x64.Deploy.0 = Release|x64
		{CA7E5457-774D-43DF-B80A-5F0512183E9A}.Release|x86.ActiveCfg = Release|x86
		{CA7E5457-774D-43DF-B80A-5F0512183E9A}.Release|x86.Build.0 = Release|x86
		{CA7E5457-774D-43DF-B80A-5F0512183E9A}.Release|x86.Deploy.0 = Release|x86
		{619BC4DD-3464-45CA-960B-E709EBDAA274}.Debug|ARM.ActiveCfg = Debug|ARM
		{619BC4DD-3464-45CA-960B-E709EBDAA274}.Debug|ARM.Build.0 = Debug|ARM
		{619BC4DD-3464-45CA-960B-E709EBDAA274}.Debug|ARM.Deploy.0 = Debug|ARM
		{619BC4DD-3464-45CA-960B-E709EBDAA274}.Debug|ARM64.ActiveCfg = Debug|ARM64
		{619BC4DD-3464-45CA-960B-E709EBDAA274}.Debug|ARM64.Build.0 = Debug|ARM64
		{619BC4DD-3464-45CA-960B-E709EBDAA274}.Debug|ARM64.Deploy.0 = Debug|ARM64
		{619BC4DD-3464-45CA-960B-E709EBDAA274}.Debug|x64.ActiveCfg = Debug|x64
		{619BC4DD-3464-45CA-960B-E709EBDAA274}.Debug|x64.Build.0 = Debug|x64
		{619BC4DD-3464-45CA-960B-E709EBDAA274}.Debug|x64.Deploy.0 = Debug|x64
		{619BC4DD-3464-45CA-960B-E709EBDAA274}.Debug|x86.ActiveCfg = Debug|x86
		{619BC4DD-3464-45CA-960B-E709EBDAA274}.Debug|x86.Build.0 = Debug|x86
		{619BC4DD-3464-45CA-960B-E709EBDAA274}.Debug|x86.Deploy.0 = Debug|x86
		{619BC4DD-3464-45CA-960B-E709EBDAA274}.Release|ARM.ActiveCfg = Release|ARM
		{619BC4DD-3464-45CA-960B-E709EBDAA274}.Release|ARM.Build.0 = Release|ARM
		{619BC4DD-3464-45CA-960B-E709EBDAA274}.Release|ARM.Deploy.0 = Release|ARM
		{619BC4DD-3464-45CA-960B-E709EBDAA274}.Release|ARM64.ActiveCfg = Release|ARM64
		{619BC4DD-3464-45CA-960B-E709EBDAA274}.Release|ARM64.Build.0 = Release|ARM64
		{619BC4DD-3464-45CA-960B-E709EBDAA274}.Release|ARM64.Deploy.0 = Release|ARM64
		{619BC4DD-3464-45CA-960B-E709EBDAA274}.Release|x64.ActiveCfg = Release|x64
		{619BC4DD-3464-45CA-960B-E709EBDAA274}.Release|x64.Build.0 = Release|x64
		{619BC4DD-3464-45CA-960B-E709EBDAA274}.Release|x64.Deploy.0 = Release|x64
		{619BC4DD-3464-45CA-960B-E709EBDAA274}.Release|x86.ActiveCfg = Release|x86
		{619BC4DD-3464-45CA-960B-E709EBDAA274}.Release|x86.Build.0 = Release|x86
		{619BC4DD-3464-45CA-960B-E709EBDAA274}.Release|x86.Deploy.0 = Release|x86
		{B3573E39-8DE7-4FB5-8ECB-4566C6DC450E}.Debug|ARM.ActiveCfg = Debug|ARM
		{B3573E39-8DE7-4FB5-8ECB-4566C6DC450E}.Debug|ARM.Build.0 = Debug|ARM
		{B3573E39-8DE7-4FB5-8ECB-4566C6DC450E}.Debug|ARM.Deploy.0 = Debug|ARM
		{B3573E39-8DE7-4FB5-8ECB-4566C6DC450E}.Debug|ARM64.ActiveCfg = Debug|ARM64
		{B3573E39-8DE7-4FB5-8ECB-4566C6DC450E}.Debug|ARM64.Build.0 = Debug|ARM64
		{B3573E39-8DE7-4FB5-8ECB-4566C6DC450E}.Debug|ARM64.Deploy.0 = Debug|ARM64
		{B3573E39-8DE7-4FB5-8ECB-4566C6DC450E}.Debug|x64.ActiveCfg = Debug|x64
		{B3573E39-8DE7-4FB5-8ECB-4566C6DC450E}.Debug|x64.Build.0 = Debug|x64
		{B3573E39-8DE7-4FB5-8ECB-4566C6DC450E}.Debug|x64.Deploy.0 = Debug|x64
		{B3573E39-8DE7-4FB5-8ECB-4566C6DC450E}.Debug|x86.ActiveCfg = Debug|x86
		{B3573E39-8DE7-4FB5-8ECB-4566C6DC450E}.Debug|x86.Build.0 = Debug|x86
		{B3573E39-8DE7-4FB5-8ECB-4566C6DC450E}.Debug|x86.Deploy.0 = Debug|x86
		{B3573E39-8DE7-4FB5-8ECB-4566C6DC450E}.Release|ARM.ActiveCfg = Release|ARM
		{B3573E39-8DE7-4FB5-8ECB-4566C6DC450E}.Release|ARM.Build.0 = Release|ARM
		{B3573E39-8DE7-4FB5-8ECB-4566C6DC450E}.Release|ARM.Deploy.0 = Release|ARM
		{B3573E39-8DE7-4FB5-8ECB-4566C6DC450E}.Release|ARM64.ActiveCfg = Release|ARM64
		{B3573E39-8DE7-4FB5-8ECB-4566C6DC450E}.Release|ARM64.Build.0 = Release|ARM64
		{B3573E39-8DE7-4FB5-8ECB-4566C6DC450E}.Release|ARM64.Deploy.0 = Release|ARM64
		{B3573E39-8DE7-4FB5-8ECB-4566C6DC450E}.Release|x64.ActiveCfg = Release|x64
		{B3573E39-8DE7-4FB5-8ECB-4566C6DC450E}.Release|x64.Build.0 = Release|x64
		{B3573E39-8DE7-4FB5-8ECB-4566C6DC450E}.Release|x64.Deploy.0 = Release|x64
		{B3573E39-8DE7-4FB5-8ECB-4566C6DC450E}.Release|x86.ActiveCfg = Release|x86
		{B3573E39-8DE7-4FB5-8ECB-4566C6DC450E}.Release|x86.Build.0 = Release|x86
		{B3573E39-8DE7-4FB5-8ECB-4566C6DC450E}.Release|x86.Deploy.0 = Release|x86
		{EFD45014-90F7-4CD3-BE5E-1870313C3543}.Debug|ARM.ActiveCfg = Debug|ARM
		{EFD45014-90F7-4CD3-BE5E-1870313C3543}.Debug|ARM.Build.0 = Debug|ARM
		{EFD45014-90F7-4CD3-BE5E-1870313C3543}.Debug|ARM.Deploy.0 = Debug|ARM
		{EFD45014-90F7-4CD3-BE5E-1870313C3543}.Debug|ARM64.ActiveCfg = Debug|ARM64
		{EFD45014-90F7-4CD3-BE5E-1870313C3543}.Debug|ARM64.Build.0 = Debug|ARM64
		{EFD45014-90F7-4CD3-BE5E-1870313C3543}.Debug|ARM64.Deploy.0 = Debug|ARM64
		{EFD45014-90F7-4CD3-BE5E-1870313C3543}.Debug|x64.ActiveCfg = Debug|x64
		{EFD45014-90F7-4CD3-BE5E-1870313C3543}.Debug|x64.Build.0 = Debug|x64
		{EFD45014-90F7-4CD3-BE5E-1870313C3543}.Debug|x64.Deploy.0 = Debug|x64
		{EFD45014-90F7-4CD3-BE5E-1870313C3543}.Debug|x86.ActiveCfg = Debug|x86
		{EFD45014-90F7-4CD3-BE5E-1870313C3543}.Debug|x86.Build.0 = Debug|x86
		{EFD45014-90F7-4CD3-BE5E-1870313C3543}.Debug|x86.Deploy.0 = Debug|x86
		{EFD45014-90F7-4CD3-BE5E-1870313C3543}.Release|ARM.ActiveCfg = Release|ARM
		{EFD45014-90F7-4CD3-BE5E-1870313C3543}.Release|ARM.Build.0 = Release|ARM
		{EFD45014-90F7-4CD3-BE5E-1870313C3543}.Release|ARM.Deploy.0 = Release|ARM
		{EFD45014-90F7-4CD3-BE5E-1870313C3543}.Release|ARM64.ActiveCfg = Release|ARM64
		{EFD45014-90F7-4CD3-BE5E-1870313C3543}.Release|ARM64.Build.0 = Release|ARM64
		{EFD45014-90F7-4CD3-BE5E-1870313C3543}.Release|ARM64.Deploy.0 = Release|ARM64
		{EFD45014-90F7-4CD3-BE5E-1870313C3543}.Release|x64.ActiveCfg = Release|x64
		{EFD45014-90F7-4CD3-BE5E-1870313C3543}.Release|x64.Build.0 = Release|x64
		{EFD45014-90F7-4CD3-BE5E-1870313C3543}.Release|x64.Deploy.0 = Release|x64
		{EFD45014-90F7-4CD3-BE5E-1870313C3543}.Release|x86.ActiveCfg = Release|x86
		{EFD45014-90F7-4CD3-BE5E-1870313C3543}.Release|x86.Build.0 = Release|x86
		{EFD45014-90F7-4CD3-BE5E-1870313C3543}.Release|x86.Deploy.0 = Release|x86
		{3517F513-B576-4368-8C53-1FE2360434D4}.Debug|ARM.ActiveCfg = Debug|ARM
		{3517F513-B576-4368-8C53-1FE2360434D4}.Debug|ARM.Build.0 = Debug|ARM
		{3517F513-B576-4368-8C53-1FE2360434D4}.Debug|ARM.Deploy.0 = Debug|ARM
		{3517F513-B576-4368-8C53-1FE2360434D4}.Debug|ARM64.ActiveCfg = Debug|ARM64
		{3517F513-B576-4368-8C53-1FE2360434D4}.Debug|ARM64.Build.0 = Debug|ARM64
		{3517F513-B576-4368-8C53-1FE2360434D4}.Debug|ARM64.Deploy.0 = Debug|ARM64
		{3517F513-B576-4368-8C53-1FE2360434D4}.Debug|x64.ActiveCfg = Debug|x64
		{3517F513-B576-4368-8C53-1FE2360434D4}.Debug|x64.Build.0 = Debug|x64
		{3517F513-B576-4368-8C53-1FE2360434D4}.Debug|x64.Deploy.0 = Debug|x64
		{3517F513-B576-4368-8C53-1FE2360434D4}.Debug|x86.ActiveCfg = Debug|x86
		{3517F513-B576-4368-8C53-1FE2360434D4}.Debug|x86.Build.0 = Debug|x86
		{3517F513-B576-4368-8C53-1FE2360434D4}.Debug|x86.Deploy.0 = Debug|x86
		{3517F513-B576-4368-8C53-1FE2360434D4}.Release|ARM.ActiveCfg = Release|ARM
		{3517F513-B576-4368-8C53-1FE2360434D4}.Release|ARM.Build.0 = Release|ARM
		{3517F513-B576-4368-8C53-1FE2360434D4}.Release|ARM.Deploy.0 = Release|ARM
		{3517F513-B576-4368-8C53-1FE2360434D4}.Release|ARM64.ActiveCfg = Release|ARM64
		{3517F513-B576-4368-8C53-1FE2360434D4}.Release|ARM64.Build.0 = Release|ARM64
		{3517F513-B576-4368-8C53-1FE2360434D4}.Release|ARM64.Deploy.0 = Release|ARM64
		{3517F513-B576-4368-8C53-1FE2360434D4}.Release|x64.ActiveCfg = Release|x64
		{3517F513-B576-4368-8C53-1FE2360434D4}.Release|x64.Build.0 = Release|x64
		{3517F513-B576-4368-8C53-1FE2360434D4}.Release|x64.Deploy.0 = Release|x64
		{3517F513-B576-4368-8C53-1FE2360434D4}.Release|x86.ActiveCfg = Release|x86
		{3517F513-B576-4368-8C53-1FE2360434D4}.Release|x86.Build.0 = Release|x86
		{3517F513-B576-4368-8C53-1FE2360434D4}.Release|x86.Deploy.0 = Release|x86
		{D3702E0F-56FC-4038-9168-A31618B363C9}.Debug|ARM.ActiveCfg = Debug|ARM
		{D3702E0F-56FC-4038-9168-A31618B363C9}.Debug|ARM.Build.0 = Debug|ARM
		{D3702E0F-56FC-4038-9168-A31618B363C9}.Debug|ARM.Deploy.0 = Debug|ARM
		{D3702E0F-56FC-4038-9168-A31618B363C9}.Debug|ARM64.ActiveCfg = Debug|ARM64
		{D3702E0F-56FC-4038-9168-A31618B363C9}.Debug|ARM64.Build.0 = Debug|ARM64
		{D3702E0F-56FC-4038-9168-A31618B363C9}.Debug|ARM64.Deploy.0 = Debug|ARM64
		{D3702E0F-56FC-4038-9168-A31618B363C9}.Debug|x64.ActiveCfg = Debug|x64
		{D3702E0F-56FC-4038-9168-A31618B363C9}.Debug|x64.Build.0 = Debug|x64
		{D3702E0F-56FC-4038-9168-A31618B363C9}.Debug|x64.Deploy.0 = Debug|x64
		{D3702E0F-56FC-4038-9168-A31618B363C9}.Debug|x86.ActiveCfg = Debug|x86
		{D3702E0F-56FC-4038-9168-A31618B363C9}.Debug|x86.Build.0 = Debug|x86
		{D3702E0F-56FC-4038-9168-A31618B363C9}.Debug|x86.Deploy.0 = Debug|x86
		{D3702E0F-56FC-4038-9168-A31618B363C9}.Release|ARM.ActiveCfg = Release|ARM
		{D3702E0F-56FC-4038-9168-A31618B363C9}.Release|ARM.Build.0 = Release|ARM
		{D3702E0F-56FC-4038-9168-A31618B363C9}.Release|ARM.Deploy.0 = Release|ARM
		{D3702E0F-56FC-4038-9168-A31618B363C9}.Release|ARM64.ActiveCfg = Release|ARM64
		{D3702E0F-56FC-4038-9168-A31618B363C9}.Release|ARM64.Build.0 = Release|ARM64
		{D3702E0F-56FC-4038-9168-A31618B363C9}.Release|ARM64.Deploy.0 = Release|ARM64
		{D3702E0F-56FC-4038-9168-A31618B363C9}.Release|x64.ActiveCfg = Release|x64
		{D3702E0F-56FC-4038-9168-A31618B363C9}.Release|x64.Build.0 = Release|x64
		{D3702E0F-56FC-4038-9168-A31618B363C9}.Release|x64.Deploy.0 = Release|x64
		{D3702E0F-56FC-4038-9168-A31618B363C9}.Release|x86.ActiveCfg = Release|x86
		{D3702E0F-56FC-4038-9168-A31618B363C9}.Release|x86.Build.0 = Release|x86
		{D3702E0F-56FC-4038-9168-A31618B363C9}.Release|x86.Deploy.0 = Release|x86
		{990D0C54-B8F7-41DD-BC44-58D019D85CD1}.Debug|ARM.ActiveCfg = Debug|ARM
		{990D0C54-B8F7-41DD-BC44-58D019D85CD1}.Debug|ARM.Build.0 = Debug|ARM
		{990D0C54-B8F7-41DD-BC44-58D019D85CD1}.Debug|ARM.Deploy.0 = Debug|ARM
		{990D0C54-B8F7-41DD-BC44-58D019D85CD1}.Debug|ARM64.ActiveCfg = Debug|ARM64
		{990D0C54-B8F7-41DD-BC44-58D019D85CD1}.Debug|ARM64.Build.0 = Debug|ARM64
		{990D0C54-B8F7-41DD-BC44-58D019D85CD1}.Debug|ARM64.Deploy.0 = Debug|ARM64
		{990D0C54-B8F7-41DD-BC44-58D019D85CD1}.Debug|x64.ActiveCfg = Debug|x64
		{990D0C54-B8F7-41DD-BC44-58D019D85CD1}.Debug|x64.Build.0 = Debug|x64
		{990D0C54-B8F7-41DD-BC44-58D019D85CD1}.Debug|x64.Deploy.0 = Debug|x64
		{990D0C54-B8F7-41DD-BC44-58D019D85CD1}.Debug|x86.ActiveCfg = Debug|x86
		{990D0C54-B8F7-41DD-BC44-58D019D85CD1}.Debug|x86.Build.0 = Debug|x86
		{990D0C54-B8F7-41DD-BC44-58D019D85CD1}.Debug|x86.Deploy.0 = Debug|x86
		{990D0C54-B8F7-41DD-BC44-58D019D85CD1}.Release|ARM.ActiveCfg = Release|ARM
		{990D0C54-B8F7-41DD-BC44-58D019D85CD1}.Release|ARM.Build.0 = Release|ARM
		{990D0C54-B8F7-41DD-BC44-58D019D85CD1}.Release|ARM.Deploy.0 = Release|ARM
		{990D0C54-B8F7-41DD-BC44-58D019D85CD1}.Release|ARM64.ActiveCfg = Release|ARM64
		{990D0C54-B8F7-41DD-BC44-58D019D85CD1}.Release|ARM64.Build.0 = Release|ARM64
		{990D0C54-B8F7-41DD-BC44-58D019D85CD1}.Release|ARM64.Deploy.0 = Release|ARM64
		{990D0C54-B8F7-41DD-BC44-58D019D85CD1}.Release|x64.ActiveCfg = Release|x64
		{990D0C54-B8F7-41DD-BC44-58D019D85CD1}.Release|x64.Build.0 = Release|x64
		{990D0C54-B8F7-41DD-BC44-58D019D85CD1}.Release|x64.Deploy.0 = Release|x64
		{990D0C54-B8F7-41DD-BC44-58D019D85CD1}.Release|x86.ActiveCfg = Release|x86
		{990D0C54-B8F7-41DD-BC44-58D019D85CD1}.Release|x86.Build.0 = Release|x86
		{990D0C54-B8F7-41DD-BC44-58D019D85CD1}.Release|x86.Deploy.0 = Release|x86
		{FB98A217-170C-4403-8536-226D472C5504}.Debug|ARM.ActiveCfg = Debug|ARM
		{FB98A217-170C-4403-8536-226D472C5504}.Debug|ARM.Build.0 = Debug|ARM
		{FB98A217-170C-4403-8536-226D472C5504}.Debug|ARM.Deploy.0 = Debug|ARM
		{FB98A217-170C-4403-8536-226D472C5504}.Debug|ARM64.ActiveCfg = Debug|ARM64
		{FB98A217-170C-4403-8536-226D472C5504}.Debug|ARM64.Build.0 = Debug|ARM64
		{FB98A217-170C-4403-8536-226D472C5504}.Debug|ARM64.Deploy.0 = Debug|ARM64
		{FB98A217-170C-4403-8536-226D472C5504}.Debug|x64.ActiveCfg = Debug|x64
		{FB98A217-170C-4403-8536-226D472C5504}.Debug|x64.Build.0 = Debug|x64
		{FB98A217-170C-4403-8536-226D472C5504}.Debug|x64.Deploy.0 = Debug|x64
		{FB98A217-170C-4403-8536-226D472C5504}.Debug|x86.ActiveCfg = Debug|x86
		{FB98A217-170C-4403-8536-226D472C5504}.Debug|x86.Build.0 = Debug|x86
		{FB98A217-170C-4403-8536-226D472C5504}.Debug|x86.Deploy.0 = Debug|x86
		{FB98A217-170C-4403-8536-226D472C5504}.Release|ARM.ActiveCfg = Release|ARM
		{FB98A217-170C-4403-8536-226D472C5504}.Release|ARM.Build.0 = Release|ARM
		{FB98A217-170C-4403-8536-226D472C5504}.Release|ARM.Deploy.0 = Release|ARM
		{FB98A217-170C-4403-8536-226D472C5504}.Release|ARM64.ActiveCfg = Release|ARM64
		{FB98A217-170C-4403-8536-226D472C5504}.Release|ARM64.Build.0 = Release|ARM64
		{FB98A217-170C-4403-8536-226D472C5504}.Release|ARM64.Deploy.0 = Release|ARM64
		{FB98A217-170C-4403-8536-226D472C5504}.Release|x64.ActiveCfg = Release|x64
		{FB98A217-170C-4403-8536-226D472C5504}.Release|x64.Build.0 = Release|x64
		{FB98A217-170C-4403-8536-226D472C5504}.Release|x64.Deploy.0 = Release|x64
		{FB98A217-170C-4403-8536-226D472C5504}.Release|x86.ActiveCfg = Release|x86
		{FB98A217-170C-4403-8536-226D472C5504}.Release|x86.Build.0 = Release|x86
		{FB98A217-170C-4403-8536-226D472C5504}.Release|x86.Deploy.0 = Release|x86
		{4900BF92-C4DA-44B9-BCAA-E0081C4C001D}.Debug|ARM.ActiveCfg = Debug|ARM
		{4900BF92-C4DA-44B9-BCAA-E0081C4C001D}.Debug|ARM.Build.0 = Debug|ARM
		{4900BF92-C4DA-44B9-BCAA-E0081C4C001D}.Debug|ARM.Deploy.0 = Debug|ARM
		{4900BF92-C4DA-44B9-BCAA-E0081C4C001D}.Debug|ARM64.ActiveCfg = Debug|ARM64
		{4900BF92-C4DA-44B9-BCAA-E0081C4C001D}.Debug|ARM64.Build.0 = Debug|ARM64
		{4900BF92-C4DA-44B9-BCAA-E0081C4C001D}.Debug|ARM64.Deploy.0 = Debug|ARM64
		{4900BF92-C4DA-44B9-BCAA-E0081C4C001D}.Debug|x64.ActiveCfg = Debug|x64
		{4900BF92-C4DA-44B9-BCAA-E0081C4C001D}.Debug|x64.Build.0 = Debug|x64
		{4900BF92-C4DA-44B9-BCAA-E0081C4C001D}.Debug|x64.Deploy.0 = Debug|x64
		{4900BF92-C4DA-44B9-BCAA-E0081C4C001D}.Debug|x86.ActiveCfg = Debug|x86
		{4900BF92-C4DA-44B9-BCAA-E0081C4C001D}.Debug|x86.Build.0 = Debug|x86
		{4900BF92-C4DA-44B9-BCAA-E0081C4C001D}.Debug|x86.Deploy.0 = Debug|x86
		{4900BF92-C4DA-44B9-BCAA-E0081C4C001D}.Release|ARM.ActiveCfg = Release|ARM
		{4900BF92-C4DA-44B9-BCAA-E0081C4C001D}.Release|ARM.Build.0 = Release|ARM
		{4900BF92-C4DA-44B9-BCAA-E0081C4C001D}.Release|ARM.Deploy.0 = Release|ARM
		{4900BF92-C4DA-44B9-BCAA-E0081C4C001D}.Release|ARM64.ActiveCfg = Release|ARM64
		{4900BF92-C4DA-44B9-BCAA-E0081C4C001D}.Release|ARM64.Build.0 = Release|ARM64
		{4900BF92-C4DA-44B9-BCAA-E0081C4C001D}.Release|ARM64.Deploy.0 = Release|ARM64
		{4900BF92-C4DA-44B9-BCAA-E0081C4C001D}.Release|x64.ActiveCfg = Release|x64
		{4900BF92-C4DA-44B9-BCAA-E0081C4C001D}.Release|x64.Build.0 = Release|x64
		{4900BF92-C4DA-44B9-BCAA-E0081C4C001D}.Release|x64.Deploy.0 = Release|x64
		{4900BF92-C4DA-44B9-BCAA-E0081C4C001D}.Release|x86.ActiveCfg = Release|x86
		{4900BF92-C4DA-44B9-BCAA-E0081C4C001D}.Release|x86.Build.0 = Release|x86
		{4900BF92-C4DA-44B9-BCAA-E0081C4C001D}.Release|x86.Deploy.0 = Release|x86
		{665B3A52-690F-436D-9F6D-2B179079A6AD}.Debug|ARM.ActiveCfg = Debug|ARM
		{665B3A52-690F-436D-9F6D-2B179079A6AD}.Debug|ARM.Build.0 = Debug|ARM
		{665B3A52-690F-436D-9F6D-2B179079A6AD}.Debug|ARM.Deploy.0 = Debug|ARM
		{665B3A52-690F-436D-9F6D-2B179079A6AD}.Debug|ARM64.ActiveCfg = Debug|ARM64
		{665B3A52-690F-436D-9F6D-2B179079A6AD}.Debug|ARM64.Build.0 = Debug|ARM64
		{665B3A52-690F-436D-9F6D-2B179079A6AD}.Debug|ARM64.Deploy.0 = Debug|ARM64
		{665B3A52-690F-436D-9F6D-2B179079A6AD}.Debug|x64.ActiveCfg = Debug|x64
		{665B3A52-690F-436D-9F6D-2B179079A6AD}.Debug|x64.Build.0 = Debug|x64
		{665B3A52-690F-436D-9F6D-2B179079A6AD}.Debug|x64.Deploy.0 = Debug|x64
		{665B3A52-690F-436D-9F6D-2B179079A6AD}.Debug|x86.ActiveCfg = Debug|x86
		{665B3A52-690F-436D-9F6D-2B179079A6AD}.Debug|x86.Build.0 = Debug|x86
		{665B3A52-690F-436D-9F6D-2B179079A6AD}.Debug|x86.Deploy.0 = Debug|x86
		{665B3A52-690F-436D-9F6D-2B179079A6AD}.Release|ARM.ActiveCfg = Release|ARM
		{665B3A52-690F-436D-9F6D-2B179079A6AD}.Release|ARM.Build.0 = Release|ARM
		{665B3A52-690F-436D-9F6D-2B179079A6AD}.Release|ARM.Deploy.0 = Release|ARM
		{665B3A52-690F-436D-9F6D-2B179079A6AD}.Release|ARM64.ActiveCfg = Release|ARM64
		{665B3A52-690F-436D-9F6D-2B179079A6AD}.Release|ARM64.Build.0 = Release|ARM64
		{665B3A52-690F-436D-9F6D-2B179079A6AD}.Release|ARM64.Deploy.0 = Release|ARM64
		{665B3A52-690F-436D-9F6D-2B179079A6AD}.Release|x64.ActiveCfg = Release|x64
		{665B3A52-690F-436D-9F6D-2B179079A6AD}.Release|x64.Build.0 = Release|x64
		{665B3A52-690F-436D-9F6D-2B179079A6AD}.Release|x64.Deploy.0 = Release|x64
		{665B3A52-690F-436D-9F6D-2B179079A6AD}.Release|x86.ActiveCfg = Release|x86
		{665B3A52-690F-436D-9F6D-2B179079A6AD}.Release|x86.Build.0 = Release|x86
		{665B3A52-690F-436D-9F6D-2B179079A6AD}.Release|x86.Deploy.0 = Release|x86
		{73774C61-7907-4545-8ED2-BCD8F041F970}.Debug|ARM.ActiveCfg = Debug|ARM
		{73774C61-7907-4545-8ED2-BCD8F041F970}.Debug|ARM.Build.0 = Debug|ARM
		{73774C61-7907-4545-8ED2-BCD8F041F970}.Debug|ARM.Deploy.0 = Debug|ARM
		{73774C61-7907-4545-8ED2-BCD8F041F970}.Debug|ARM64.ActiveCfg = Debug|ARM64
		{73774C61-7907-4545-8ED2-BCD8F041F970}.Debug|ARM64.Build.0 = Debug|ARM64
		{73774C61-7907-4545-8ED2-BCD8F041F970}.Debug|ARM64.Deploy.0 = Debug|ARM64
		{73774C61-7907-4545-8ED2-BCD8F041F970}.Debug|x64.ActiveCfg = Debug|x64
		{73774C61-7907-4545-8ED2-BCD8F041F970}.Debug|x64.Build.0 = Debug|x64
		{73774C61-7907-4545-8ED2-BCD8F041F970}.Debug|x64.Deploy.0 = Debug|x64
		{73774C61-7907-4545-8ED2-BCD8F041F970}.Debug|x86.ActiveCfg = Debug|x86
		{73774C61-7907-4545-8ED2-BCD8F041F970}.Debug|x86.Build.0 = Debug|x86
		{73774C61-7907-4545-8ED2-BCD8F041F970}.Debug|x86.Deploy.0 = Debug|x86
		{73774C61-7907-4545-8ED2-BCD8F041F970}.Release|ARM.ActiveCfg = Release|ARM
		{73774C61-7907-4545-8ED2-BCD8F041F970}.Release|ARM.Build.0 = Release|ARM
		{73774C61-7907-4545-8ED2-BCD8F041F970}.Release|ARM.Deploy.0 = Release|ARM
		{73774C61-7907-4545-8ED2-BCD8F041F970}.Release|ARM64.ActiveCfg = Release|ARM64
		{73774C61-7907-4545-8ED2-BCD8F041F970}.Release|ARM64.Build.0 = Release|ARM64
		{73774C61-7907-4545-8ED2-BCD8F041F970}.Release|ARM64.Deploy.0 = Release|ARM64
		{73774C61-7907-4545-8ED2-BCD8F041F970}.Release|x64.ActiveCfg = Release|x64
		{73774C61-7907-4545-8ED2-BCD8F041F970}.Release|x64.Build.0 = Release|x64
		{73774C61-7907-4545-8ED2-BCD8F041F970}.Release|x64.Deploy.0 = Release|x64
		{73774C61-7907-4545-8ED2-BCD8F041F970}.Release|x86.ActiveCfg = Release|x86
		{73774C61-7907-4545-8ED2-BCD8F041F970}.Release|x86.Build.0 = Release|x86
		{73774C61-7907-4545-8ED2-BCD8F041F970}.Release|x86.Deploy.0 = Release|x86
		{69099EBD-E5C1-4C96-B26D-9444EC25C175}.Debug|ARM.ActiveCfg = Debug|ARM
		{69099EBD-E5C1-4C96-B26D-9444EC25C175}.Debug|ARM.Build.0 = Debug|ARM
		{69099EBD-E5C1-4C96-B26D-9444EC25C175}.Debug|ARM.Deploy.0 = Debug|ARM
		{69099EBD-E5C1-4C96-B26D-9444EC25C175}.Debug|ARM64.ActiveCfg = Debug|ARM64
		{69099EBD-E5C1-4C96-B26D-9444EC25C175}.Debug|ARM64.Build.0 = Debug|ARM64
		{69099EBD-E5C1-4C96-B26D-9444EC25C175}.Debug|ARM64.Deploy.0 = Debug|ARM64
		{69099EBD-E5C1-4C96-B26D-9444EC25C175}.Debug|x64.ActiveCfg = Debug|x64
		{69099EBD-E5C1-4C96-B26D-9444EC25C175}.Debug|x64.Build.0 = Debug|x64
		{69099EBD-E5C1-4C96-B26D-9444EC25C175}.Debug|x64.Deploy.0 = Debug|x64
		{69099EBD-E5C1-4C96-B26D-9444EC25C175}.Debug|x86.ActiveCfg = Debug|x86
		{69099EBD-E5C1-4C96-B26D-9444EC25C175}.Debug|x86.Build.0 = Debug|x86
		{69099EBD-E5C1-4C96-B26D-9444EC25C175}.Debug|x86.Deploy.0 = Debug|x86
		{69099EBD-E5C1-4C96-B26D-9444EC25C175}.Release|ARM.ActiveCfg = Release|ARM
		{69099EBD-E5C1-4C96-B26D-9444EC25C175}.Release|ARM.Build.0 = Release|ARM
		{69099EBD-E5C1-4C96-B26D-9444EC25C175}.Release|ARM.Deploy.0 = Release|ARM
		{69099EBD-E5C1-4C96-B26D-9444EC25C175}.Release|ARM64.ActiveCfg = Release|ARM64
		{69099EBD-E5C1-4C96-B26D-9444EC25C175}.Release|ARM64.Build.0 = Release|ARM64
		{69099EBD-E5C1-4C96-B26D-9444EC25C175}.Release|ARM64.Deploy.0 = Release|ARM64
		{69099EBD-E5C1-4C96-B26D-9444EC25C175}.Release|x64.ActiveCfg = Release|x64
		{69099EBD-E5C1-4C96-B26D-9444EC25C175}.Release|x64.Build.0 = Release|x64
		{69099EBD-E5C1-4C96-B26D-9444EC25C175}.Release|x64.Deploy.0 = Release|x64
		{69099EBD-E5C1-4C96-B26D-9444EC25C175}.Release|x86.ActiveCfg = Release|x86
		{69099EBD-E5C1-4C96-B26D-9444EC25C175}.Release|x86.Build.0 = Release|x86
		{69099EBD-E5C1-4C96-B26D-9444EC25C175}.Release|x86.Deploy.0 = Release|x86
		{EC2A3B71-66CC-4AF2-BE75-E9C1D6D1A1A5}.Debug|ARM.ActiveCfg = Debug|ARM
		{EC2A3B71-66CC-4AF2-BE75-E9C1D6D1A1A5}.Debug|ARM.Build.0 = Debug|ARM
		{EC2A3B71-66CC-4AF2-BE75-E9C1D6D1A1A5}.Debug|ARM.Deploy.0 = Debug|ARM
		{EC2A3B71-66CC-4AF2-BE75-E9C1D6D1A1A5}.Debug|ARM64.ActiveCfg = Debug|ARM64
		{EC2A3B71-66CC-4AF2-BE75-E9C1D6D1A1A5}.Debug|ARM64.Build.0 = Debug|ARM64
		{EC2A3B71-66CC-4AF2-BE75-E9C1D6D1A1A5}.Debug|ARM64.Deploy.0 = Debug|ARM64
		{EC2A3B71-66CC-4AF2-BE75-E9C1D6D1A1A5}.Debug|x64.ActiveCfg = Debug|x64
		{EC2A3B71-66CC-4AF2-BE75-E9C1D6D1A1A5}.Debug|x64.Build.0 = Debug|x64
		{EC2A3B71-66CC-4AF2-BE75-E9C1D6D1A1A5}.Debug|x64.Deploy.0 = Debug|x64
		{EC2A3B71-66CC-4AF2-BE75-E9C1D6D1A1A5}.Debug|x86.ActiveCfg = Debug|x86
		{EC2A3B71-66CC-4AF2-BE75-E9C1D6D1A1A5}.Debug|x86.Build.0 = Debug|x86
		{EC2A3B71-66CC-4AF2-BE75-E9C1D6D1A1A5}.Debug|x86.Deploy.0 = Debug|x86
		{EC2A3B71-66CC-4AF2-BE75-E9C1D6D1A1A5}.Release|ARM.ActiveCfg = Release|ARM
		{EC2A3B71-66CC-4AF2-BE75-E9C1D6D1A1A5}.Release|ARM.Build.0 = Release|ARM
		{EC2A3B71-66CC-4AF2-BE75-E9C1D6D1A1A5}.Release|ARM.Deploy.0 = Release|ARM
		{EC2A3B71-66CC-4AF2-BE75-E9C1D6D1A1A5}.Release|ARM64.ActiveCfg = Release|ARM64
		{EC2A3B71-66CC-4AF2-BE75-E9C1D6D1A1A5}.Release|ARM64.Build.0 = Release|ARM64
		{EC2A3B71-66CC-4AF2-BE75-E9C1D6D1A1A5}.Release|ARM64.Deploy.0 = Release|ARM64
		{EC2A3B71-66CC-4AF2-BE75-E9C1D6D1A1A5}.Release|x64.ActiveCfg = Release|x64
		{EC2A3B71-66CC-4AF2-BE75-E9C1D6D1A1A5}.Release|x64.Build.0 = Release|x64
		{EC2A3B71-66CC-4AF2-BE75-E9C1D6D1A1A5}.Release|x64.Deploy.0 = Release|x64
		{EC2A3B71-66CC-4AF2-BE75-E9C1D6D1A1A5}.Release|x86.ActiveCfg = Release|x86
		{EC2A3B71-66CC-4AF2-BE75-E9C1D6D1A1A5}.Release|x86.Build.0 = Release|x86
		{EC2A3B71-66CC-4AF2-BE75-E9C1D6D1A1A5}.Release|x86.Deploy.0 = Release|x86
		{93FC864D-ABD2-48A2-813D-89DE828A0A47}.Debug|ARM.ActiveCfg = Debug|ARM
		{93FC864D-ABD2-48A2-813D-89DE828A0A47}.Debug|ARM.Build.0 = Debug|ARM
		{93FC864D-ABD2-48A2-813D-89DE828A0A47}.Debug|ARM.Deploy.0 = Debug|ARM
		{93FC864D-ABD2-48A2-813D-89DE828A0A47}.Debug|ARM64.ActiveCfg = Debug|ARM64
		{93FC864D-ABD2-48A2-813D-89DE828A0A47}.Debug|ARM64.Build.0 = Debug|ARM64
		{93FC864D-ABD2-48A2-813D-89DE828A0A47}.Debug|ARM64.Deploy.0 = Debug|ARM64
		{93FC864D-ABD2-48A2-813D-89DE828A0A47}.Debug|x64.ActiveCfg = Debug|x64
		{93FC864D-ABD2-48A2-813D-89DE828A0A47}.Debug|x64.Build.0 = Debug|x64
		{93FC864D-ABD2-48A2-813D-89DE828A0A47}.Debug|x64.Deploy.0 = Debug|x64
		{93FC864D-ABD2-48A2-813D-89DE828A0A47}.Debug|x86.ActiveCfg = Debug|x86
		{93FC864D-ABD2-48A2-813D-89DE828A0A47}.Debug|x86.Build.0 = Debug|x86
		{93FC864D-ABD2-48A2-813D-89DE828A0A47}.Debug|x86.Deploy.0 = Debug|x86
		{93FC864D-ABD2-48A2-813D-89DE828A0A47}.Release|ARM.ActiveCfg = Release|ARM
		{93FC864D-ABD2-48A2-813D-89DE828A0A47}.Release|ARM.Build.0 = Release|ARM
		{93FC864D-ABD2-48A2-813D-89DE828A0A47}.Release|ARM.Deploy.0 = Release|ARM
		{93FC864D-ABD2-48A2-813D-89DE828A0A47}.Release|ARM64.ActiveCfg = Release|ARM64
		{93FC864D-ABD2-48A2-813D-89DE828A0A47}.Release|ARM64.Build.0 = Release|ARM64
		{93FC864D-ABD2-48A2-813D-89DE828A0A47}.Release|ARM64.Deploy.0 = Release|ARM64
		{93FC864D-ABD2-48A2-813D-89DE828A0A47}.Release|x64.ActiveCfg = Release|x64
		{93FC864D-ABD2-48A2-813D-89DE828A0A47}.Release|x64.Build.0 = Release|x64
		{93FC864D-ABD2-48A2-813D-89DE828A0A47}.Release|x64.Deploy.0 = Release|x64
		{93FC864D-ABD2-48A2-813D-89DE828A0A47}.Release|x86.ActiveCfg = Release|x86
		{93FC864D-ABD2-48A2-813D-89DE828A0A47}.Release|x86.Build.0 = Release|x86
		{93FC864D-ABD2-48A2-813D-89DE828A0A47}.Release|x86.Deploy.0 = Release|x86
		{83ED74E3-2C0F-4A78-8934-B72E57BF1C61}.Debug|ARM.ActiveCfg = Debug|ARM
		{83ED74E3-2C0F-4A78-8934-B72E57BF1C61}.Debug|ARM.Build.0 = Debug|ARM
		{83ED74E3-2C0F-4A78-8934-B72E57BF1C61}.Debug|ARM.Deploy.0 = Debug|ARM
		{83ED74E3-2C0F-4A78-8934-B72E57BF1C61}.Debug|ARM64.ActiveCfg = Debug|ARM64
		{83ED74E3-2C0F-4A78-8934-B72E57BF1C61}.Debug|ARM64.Build.0 = Debug|ARM64
		{83ED74E3-2C0F-4A78-8934-B72E57BF1C61}.Debug|ARM64.Deploy.0 = Debug|ARM64
		{83ED74E3-2C0F-4A78-8934-B72E57BF1C61}.Debug|x64.ActiveCfg = Debug|x64
		{83ED74E3-2C0F-4A78-8934-B72E57BF1C61}.Debug|x64.Build.0 = Debug|x64
		{83ED74E3-2C0F-4A78-8934-B72E57BF1C61}.Debug|x64.Deploy.0 = Debug|x64
		{83ED74E3-2C0F-4A78-8934-B72E57BF1C61}.Debug|x86.ActiveCfg = Debug|x86
		{83ED74E3-2C0F-4A78-8934-B72E57BF1C61}.Debug|x86.Build.0 = Debug|x86
		{83ED74E3-2C0F-4A78-8934-B72E57BF1C61}.Debug|x86.Deploy.0 = Debug|x86
		{83ED74E3-2C0F-4A78-8934-B72E57BF1C61}.Release|ARM.ActiveCfg = Release|ARM
		{83ED74E3-2C0F-4A78-8934-B72E57BF1C61}.Release|ARM.Build.0 = Release|ARM
		{83ED74E3-2C0F-4A78-8934-B72E57BF1C61}.Release|ARM.Deploy.0 = Release|ARM
		{83ED74E3-2C0F-4A78-8934-B72E57BF1C61}.Release|ARM64.ActiveCfg = Release|ARM64
		{83ED74E3-2C0F-4A78-8934-B72E57BF1C61}.Release|ARM64.Build.0 = Release|ARM64
		{83ED74E3-2C0F-4A78-8934-B72E57BF1C61}.Release|ARM64.Deploy.0 = Release|ARM64
		{83ED74E3-2C0F-4A78-8934-B72E57BF1C61}.Release|x64.ActiveCfg = Release|x64
		{83ED74E3-2C0F-4A78-8934-B72E57BF1C61}.Release|x64.Build.0 = Release|x64
		{83ED74E3-2C0F-4A78-8934-B72E57BF1C61}.Release|x64.Deploy.0 = Release|x64
		{83ED74E3-2C0F-4A78-8934-B72E57BF1C61}.Release|x86.ActiveCfg = Release|x86
		{83ED74E3-2C0F-4A78-8934-B72E57BF1C61}.Release|x86.Build.0 = Release|x86
		{83ED74E3-2C0F-4A78-8934-B72E57BF1C61}.Release|x86.Deploy.0 = Release|x86
		{A81B2888-8D29-4530-8410-4F84D3118463}.Debug|ARM.ActiveCfg = Debug|ARM
		{A81B2888-8D29-4530-8410-4F84D3118463}.Debug|ARM.Build.0 = Debug|ARM
		{A81B2888-8D29-4530-8410-4F84D3118463}.Debug|ARM.Deploy.0 = Debug|ARM
		{A81B2888-8D29-4530-8410-4F84D3118463}.Debug|ARM64.ActiveCfg = Debug|ARM64
		{A81B2888-8D29-4530-8410-4F84D3118463}.Debug|ARM64.Build.0 = Debug|ARM64
		{A81B2888-8D29-4530-8410-4F84D3118463}.Debug|ARM64.Deploy.0 = Debug|ARM64
		{A81B2888-8D29-4530-8410-4F84D3118463}.Debug|x64.ActiveCfg = Debug|x64
		{A81B2888-8D29-4530-8410-4F84D3118463}.Debug|x64.Build.0 = Debug|x64
		{A81B2888-8D29-4530-8410-4F84D3118463}.Debug|x64.Deploy.0 = Debug|x64
		{A81B2888-8D29-4530-8410-4F84D3118463}.Debug|x86.ActiveCfg = Debug|x86
		{A81B2888-8D29-4530-8410-4F84D3118463}.Debug|x86.Build.0 = Debug|x86
		{A81B2888-8D29-4530-8410-4F84D3118463}.Debug|x86.Deploy.0 = Debug|x86
		{A81B2888-8D29-4530-8410-4F84D3118463}.Release|ARM.ActiveCfg = Release|ARM
		{A81B2888-8D29-4530-8410-4F84D3118463}.Release|ARM.Build.0 = Release|ARM
		{A81B2888-8D29-4530-8410-4F84D3118463}.Release|ARM.Deploy.0 = Release|ARM
		{A81B2888-8D29-4530-8410-4F84D3118463}.Release|ARM64.ActiveCfg = Release|ARM64
		{A81B2888-8D29-4530-8410-4F84D3118463}.Release|ARM64.Build.0 = Release|ARM64
		{A81B2888-8D29-4530-8410-4F84D3118463}.Release|ARM64.Deploy.0 = Release|ARM64
		{A81B2888-8D29-4530-8410-4F84D3118463}.Release|x64.ActiveCfg = Release|x64
		{A81B2888-8D29-4530-8410-4F84D3118463}.Release|x64.Build.0 = Release|x64
		{A81B2888-8D29-4530-8410-4F84D3118463}.Release|x64.Deploy.0 = Release|x64
		{A81B2888-8D29-4530-8410-4F84D3118463}.Release|x86.ActiveCfg = Release|x86
		{A81B2888-8D29-4530-8410-4F84D3118463}.Release|x86.Build.0 = Release|x86
		{A81B2888-8D29-4530-8410-4F84D3118463}.Release|x86.Deploy.0 = Release|x86
	EndGlobalSection
	GlobalSection(SolutionProperties) = preSolution
		HideSolutionNode = FALSE
	EndGlobalSection
	GlobalSection(NestedProjects) = preSolution
		{889EF8C6-0397-420E-B465-39968A3C5C27} = {9C170724-E3BF-4CBB-93DD-C2BD5AF70CD7}
		{73798E14-59F2-4D97-9CAE-C55AA9F35553} = {9C170724-E3BF-4CBB-93DD-C2BD5AF70CD7}
		{221C944C-E753-489F-9F91-DE9CC1FCC9C3} = {9C170724-E3BF-4CBB-93DD-C2BD5AF70CD7}
		{6E8BF9E3-78D6-4258-9470-24C6D93EB3F8} = {9C170724-E3BF-4CBB-93DD-C2BD5AF70CD7}
		{56780144-844E-4580-9931-6953371D680F} = {9C170724-E3BF-4CBB-93DD-C2BD5AF70CD7}
		{752C11DD-2C37-49E9-918F-C11E13C9F6AB} = {8A950E4D-BB0C-44DE-BD05-1D1FBC0B120F}
		{CE9162C0-2360-4173-9E6D-BA12A2E6F409} = {8A950E4D-BB0C-44DE-BD05-1D1FBC0B120F}
		{1BE97B0F-811E-4480-98A8-13979E6A555E} = {8A950E4D-BB0C-44DE-BD05-1D1FBC0B120F}
		{6F1EB536-2664-4BE5-81AC-F1E431FE8B81} = {9EDD5C39-558A-40D6-8312-9112A756BE01}
		{6436C78F-654A-4F5A-B3CF-A0FEACBB417B} = {9EDD5C39-558A-40D6-8312-9112A756BE01}
		{CA7E5457-774D-43DF-B80A-5F0512183E9A} = {9EDD5C39-558A-40D6-8312-9112A756BE01}
		{619BC4DD-3464-45CA-960B-E709EBDAA274} = {9EDD5C39-558A-40D6-8312-9112A756BE01}
		{B3573E39-8DE7-4FB5-8ECB-4566C6DC450E} = {9EDD5C39-558A-40D6-8312-9112A756BE01}
		{EFD45014-90F7-4CD3-BE5E-1870313C3543} = {9EDD5C39-558A-40D6-8312-9112A756BE01}
		{3517F513-B576-4368-8C53-1FE2360434D4} = {9EDD5C39-558A-40D6-8312-9112A756BE01}
		{D3702E0F-56FC-4038-9168-A31618B363C9} = {9EDD5C39-558A-40D6-8312-9112A756BE01}
		{990D0C54-B8F7-41DD-BC44-58D019D85CD1} = {9EDD5C39-558A-40D6-8312-9112A756BE01}
		{FB98A217-170C-4403-8536-226D472C5504} = {9EDD5C39-558A-40D6-8312-9112A756BE01}
		{4900BF92-C4DA-44B9-BCAA-E0081C4C001D} = {9EDD5C39-558A-40D6-8312-9112A756BE01}
		{665B3A52-690F-436D-9F6D-2B179079A6AD} = {9EDD5C39-558A-40D6-8312-9112A756BE01}
		{73774C61-7907-4545-8ED2-BCD8F041F970} = {458641C7-38B0-4562-85A0-D253BF2CFA27}
		{69099EBD-E5C1-4C96-B26D-9444EC25C175} = {458641C7-38B0-4562-85A0-D253BF2CFA27}
		{EC2A3B71-66CC-4AF2-BE75-E9C1D6D1A1A5} = {458641C7-38B0-4562-85A0-D253BF2CFA27}
		{93FC864D-ABD2-48A2-813D-89DE828A0A47} = {458641C7-38B0-4562-85A0-D253BF2CFA27}
		{83ED74E3-2C0F-4A78-8934-B72E57BF1C61} = {D21A7062-8F5D-4A1A-B9D7-E58567427F07}
		{A81B2888-8D29-4530-8410-4F84D3118463} = {D21A7062-8F5D-4A1A-B9D7-E58567427F07}
	EndGlobalSection
	GlobalSection(ExtensibilityGlobals) = postSolution
		SolutionGuid = {59ADEB2F-8512-4A12-9C35-4207FCD94453}
	EndGlobalSection
EndGlobal
